
Microsoft Visual Studio Solution File, Format Version 12.00
# Visual Studio Version 17
VisualStudioVersion = 17.13.35931.197
MinimumVisualStudioVersion = 10.0.40219.1
Project("{8BC9CEB8-8B4A-11D0-8D11-00A0C91BC942}") = "virtual", "virtual\virtual.vcxproj", "{51258A1A-CD9F-49C4-AAD3-983151E199A8}"
EndProject
Project("{8BC9CEB8-8B4A-11D0-8D11-00A0C91BC942}") = "class_linking", "classlinking\classlinking.vcxproj", "{A5C7BB3E-661F-4481-919F-08C4125211A4}"
EndProject
Project("{8BC9CEB8-8B4A-11D0-8D11-00A0C91BC942}") = "pass_by_value_and_the_copy_constructor", "pass_by_value_and_the_copy_constructor\pass_by_value_and_the_copy_constructor.vcxproj", "{4FFE9B03-2CB4-4FF6-98A2-649CA15F4F54}"
EndProject
Project("{8BC9CEB8-8B4A-11D0-8D11-00A0C91BC942}") = "return_by_value_and_the_copy_constructor", "return_by_value_and_the_copy_constructor\return_by_value_and_the_copy_constructor.vcxproj", "{B8F07499-9D52-4B4E-8849-CB57C1AB32E9}"
EndProject
Project("{8BC9CEB8-8B4A-11D0-8D11-00A0C91BC942}") = "generate_default_copy_constructor", "generate_default_copy_constructor\generate_default_copy_constructor.vcxproj", "{0EF2389A-99EE-472C-B9A3-C774D9B724B5}"
EndProject
Project("{8BC9CEB8-8B4A-11D0-8D11-00A0C91BC942}") = "using_delete_to_prevent_copies", "using_delete_to_prevent_copies\using_delete_to_prevent_copies.vcxproj", "{DF27B922-A50C-49C9-949A-20C4DF20F409}"
EndProject
Project("{8BC9CEB8-8B4A-11D0-8D11-00A0C91BC942}") = "destructor", "destructor\destructor.vcxproj", "{6052C3E6-F242-455A-AEEB-E8AD9F26C9E7}"
EndProject
Project("{8BC9CEB8-8B4A-11D0-8D11-00A0C91BC942}") = "smart_pointer_class_idea", "smart_pointer_class_idea\smart_pointer_class_idea.vcxproj", "{BC1AE095-5B5F-4E14-8D42-F7B05777EE64}"
EndProject
Project("{8BC9CEB8-8B4A-11D0-8D11-00A0C91BC942}") = "smart_pointer_crtiical_flaw", "smart_pointer_crtiical_flaw\smart_pointer_crtiical_flaw.vcxproj", "{B75A4A59-2BCE-45A8-AAA7-A28AC3568F87}"
EndProject
Project("{8BC9CEB8-8B4A-11D0-8D11-00A0C91BC942}") = "move_semantics", "move_semantics\move_semantics.vcxproj", "{765A81EA-7D1C-43C3-A0C0-3D0920648C3A}"
EndProject
Global
	GlobalSection(SolutionConfigurationPlatforms) = preSolution
		Debug|x64 = Debug|x64
		Debug|x86 = Debug|x86
		Release|x64 = Release|x64
		Release|x86 = Release|x86
	EndGlobalSection
	GlobalSection(ProjectConfigurationPlatforms) = postSolution
		{51258A1A-CD9F-49C4-AAD3-983151E199A8}.Debug|x64.ActiveCfg = Debug|x64
		{51258A1A-CD9F-49C4-AAD3-983151E199A8}.Debug|x64.Build.0 = Debug|x64
		{51258A1A-CD9F-49C4-AAD3-983151E199A8}.Debug|x86.ActiveCfg = Debug|Win32
		{51258A1A-CD9F-49C4-AAD3-983151E199A8}.Debug|x86.Build.0 = Debug|Win32
		{51258A1A-CD9F-49C4-AAD3-983151E199A8}.Release|x64.ActiveCfg = Release|x64
		{51258A1A-CD9F-49C4-AAD3-983151E199A8}.Release|x64.Build.0 = Release|x64
		{51258A1A-CD9F-49C4-AAD3-983151E199A8}.Release|x86.ActiveCfg = Release|Win32
		{51258A1A-CD9F-49C4-AAD3-983151E199A8}.Release|x86.Build.0 = Release|Win32
		{A5C7BB3E-661F-4481-919F-08C4125211A4}.Debug|x64.ActiveCfg = Debug|x64
		{A5C7BB3E-661F-4481-919F-08C4125211A4}.Debug|x64.Build.0 = Debug|x64
		{A5C7BB3E-661F-4481-919F-08C4125211A4}.Debug|x86.ActiveCfg = Debug|Win32
		{A5C7BB3E-661F-4481-919F-08C4125211A4}.Debug|x86.Build.0 = Debug|Win32
		{A5C7BB3E-661F-4481-919F-08C4125211A4}.Release|x64.ActiveCfg = Release|x64
		{A5C7BB3E-661F-4481-919F-08C4125211A4}.Release|x64.Build.0 = Release|x64
		{A5C7BB3E-661F-4481-919F-08C4125211A4}.Release|x86.ActiveCfg = Release|Win32
		{A5C7BB3E-661F-4481-919F-08C4125211A4}.Release|x86.Build.0 = Release|Win32
		{4FFE9B03-2CB4-4FF6-98A2-649CA15F4F54}.Debug|x64.ActiveCfg = Debug|x64
		{4FFE9B03-2CB4-4FF6-98A2-649CA15F4F54}.Debug|x64.Build.0 = Debug|x64
		{4FFE9B03-2CB4-4FF6-98A2-649CA15F4F54}.Debug|x86.ActiveCfg = Debug|Win32
		{4FFE9B03-2CB4-4FF6-98A2-649CA15F4F54}.Debug|x86.Build.0 = Debug|Win32
		{4FFE9B03-2CB4-4FF6-98A2-649CA15F4F54}.Release|x64.ActiveCfg = Release|x64
		{4FFE9B03-2CB4-4FF6-98A2-649CA15F4F54}.Release|x64.Build.0 = Release|x64
		{4FFE9B03-2CB4-4FF6-98A2-649CA15F4F54}.Release|x86.ActiveCfg = Release|Win32
		{4FFE9B03-2CB4-4FF6-98A2-649CA15F4F54}.Release|x86.Build.0 = Release|Win32
		{B8F07499-9D52-4B4E-8849-CB57C1AB32E9}.Debug|x64.ActiveCfg = Debug|x64
		{B8F07499-9D52-4B4E-8849-CB57C1AB32E9}.Debug|x64.Build.0 = Debug|x64
		{B8F07499-9D52-4B4E-8849-CB57C1AB32E9}.Debug|x86.ActiveCfg = Debug|Win32
		{B8F07499-9D52-4B4E-8849-CB57C1AB32E9}.Debug|x86.Build.0 = Debug|Win32
		{B8F07499-9D52-4B4E-8849-CB57C1AB32E9}.Release|x64.ActiveCfg = Release|x64
		{B8F07499-9D52-4B4E-8849-CB57C1AB32E9}.Release|x64.Build.0 = Release|x64
		{B8F07499-9D52-4B4E-8849-CB57C1AB32E9}.Release|x86.ActiveCfg = Release|Win32
		{B8F07499-9D52-4B4E-8849-CB57C1AB32E9}.Release|x86.Build.0 = Release|Win32
		{0EF2389A-99EE-472C-B9A3-C774D9B724B5}.Debug|x64.ActiveCfg = Debug|x64
		{0EF2389A-99EE-472C-B9A3-C774D9B724B5}.Debug|x64.Build.0 = Debug|x64
		{0EF2389A-99EE-472C-B9A3-C774D9B724B5}.Debug|x86.ActiveCfg = Debug|Win32
		{0EF2389A-99EE-472C-B9A3-C774D9B724B5}.Debug|x86.Build.0 = Debug|Win32
		{0EF2389A-99EE-472C-B9A3-C774D9B724B5}.Release|x64.ActiveCfg = Release|x64
		{0EF2389A-99EE-472C-B9A3-C774D9B724B5}.Release|x64.Build.0 = Release|x64
		{0EF2389A-99EE-472C-B9A3-C774D9B724B5}.Release|x86.ActiveCfg = Release|Win32
		{0EF2389A-99EE-472C-B9A3-C774D9B724B5}.Release|x86.Build.0 = Release|Win32
		{DF27B922-A50C-49C9-949A-20C4DF20F409}.Debug|x64.ActiveCfg = Debug|x64
		{DF27B922-A50C-49C9-949A-20C4DF20F409}.Debug|x64.Build.0 = Debug|x64
		{DF27B922-A50C-49C9-949A-20C4DF20F409}.Debug|x86.ActiveCfg = Debug|Win32
		{DF27B922-A50C-49C9-949A-20C4DF20F409}.Debug|x86.Build.0 = Debug|Win32
		{DF27B922-A50C-49C9-949A-20C4DF20F409}.Release|x64.ActiveCfg = Release|x64
		{DF27B922-A50C-49C9-949A-20C4DF20F409}.Release|x64.Build.0 = Release|x64
		{DF27B922-A50C-49C9-949A-20C4DF20F409}.Release|x86.ActiveCfg = Release|Win32
		{DF27B922-A50C-49C9-949A-20C4DF20F409}.Release|x86.Build.0 = Release|Win32
		{6052C3E6-F242-455A-AEEB-E8AD9F26C9E7}.Debug|x64.ActiveCfg = Debug|x64
		{6052C3E6-F242-455A-AEEB-E8AD9F26C9E7}.Debug|x64.Build.0 = Debug|x64
		{6052C3E6-F242-455A-AEEB-E8AD9F26C9E7}.Debug|x86.ActiveCfg = Debug|Win32
		{6052C3E6-F242-455A-AEEB-E8AD9F26C9E7}.Debug|x86.Build.0 = Debug|Win32
		{6052C3E6-F242-455A-AEEB-E8AD9F26C9E7}.Release|x64.ActiveCfg = Release|x64
		{6052C3E6-F242-455A-AEEB-E8AD9F26C9E7}.Release|x64.Build.0 = Release|x64
		{6052C3E6-F242-455A-AEEB-E8AD9F26C9E7}.Release|x86.ActiveCfg = Release|Win32
		{6052C3E6-F242-455A-AEEB-E8AD9F26C9E7}.Release|x86.Build.0 = Release|Win32
		{BC1AE095-5B5F-4E14-8D42-F7B05777EE64}.Debug|x64.ActiveCfg = Debug|x64
		{BC1AE095-5B5F-4E14-8D42-F7B05777EE64}.Debug|x64.Build.0 = Debug|x64
		{BC1AE095-5B5F-4E14-8D42-F7B05777EE64}.Debug|x86.ActiveCfg = Debug|Win32
		{BC1AE095-5B5F-4E14-8D42-F7B05777EE64}.Debug|x86.Build.0 = Debug|Win32
		{BC1AE095-5B5F-4E14-8D42-F7B05777EE64}.Release|x64.ActiveCfg = Release|x64
		{BC1AE095-5B5F-4E14-8D42-F7B05777EE64}.Release|x64.Build.0 = Release|x64
		{BC1AE095-5B5F-4E14-8D42-F7B05777EE64}.Release|x86.ActiveCfg = Release|Win32
		{BC1AE095-5B5F-4E14-8D42-F7B05777EE64}.Release|x86.Build.0 = Release|Win32
		{B75A4A59-2BCE-45A8-AAA7-A28AC3568F87}.Debug|x64.ActiveCfg = Debug|x64
		{B75A4A59-2BCE-45A8-AAA7-A28AC3568F87}.Debug|x64.Build.0 = Debug|x64
		{B75A4A59-2BCE-45A8-AAA7-A28AC3568F87}.Debug|x86.ActiveCfg = Debug|Win32
		{B75A4A59-2BCE-45A8-AAA7-A28AC3568F87}.Debug|x86.Build.0 = Debug|Win32
		{B75A4A59-2BCE-45A8-AAA7-A28AC3568F87}.Release|x64.ActiveCfg = Release|x64
		{B75A4A59-2BCE-45A8-AAA7-A28AC3568F87}.Release|x64.Build.0 = Release|x64
		{B75A4A59-2BCE-45A8-AAA7-A28AC3568F87}.Release|x86.ActiveCfg = Release|Win32
		{B75A4A59-2BCE-45A8-AAA7-A28AC3568F87}.Release|x86.Build.0 = Release|Win32
		{765A81EA-7D1C-43C3-A0C0-3D0920648C3A}.Debug|x64.ActiveCfg = Debug|x64
		{765A81EA-7D1C-43C3-A0C0-3D0920648C3A}.Debug|x64.Build.0 = Debug|x64
		{765A81EA-7D1C-43C3-A0C0-3D0920648C3A}.Debug|x86.ActiveCfg = Debug|Win32
		{765A81EA-7D1C-43C3-A0C0-3D0920648C3A}.Debug|x86.Build.0 = Debug|Win32
		{765A81EA-7D1C-43C3-A0C0-3D0920648C3A}.Release|x64.ActiveCfg = Release|x64
		{765A81EA-7D1C-43C3-A0C0-3D0920648C3A}.Release|x64.Build.0 = Release|x64
		{765A81EA-7D1C-43C3-A0C0-3D0920648C3A}.Release|x86.ActiveCfg = Release|Win32
		{765A81EA-7D1C-43C3-A0C0-3D0920648C3A}.Release|x86.Build.0 = Release|Win32
	EndGlobalSection
	GlobalSection(SolutionProperties) = preSolution
		HideSolutionNode = FALSE
	EndGlobalSection
	GlobalSection(ExtensibilityGlobals) = postSolution
		SolutionGuid = {E40305F2-84E8-43C7-9795-11C5AF7A0446}
	EndGlobalSection
EndGlobal
