
Microsoft Visual Studio Solution File, Format Version 12.00
# Visual Studio Version 17
VisualStudioVersion = 17.13.35931.197 d17.13
MinimumVisualStudioVersion = 10.0.40219.1
Project("{8BC9CEB8-8B4A-11D0-8D11-00A0C91BC942}") = "string_length", "Project1\Project1.vcxproj", "{04CB25C0-0883-42F6-B4A3-88AE5DA4B921}"
EndProject
Project("{8BC9CEB8-8B4A-11D0-8D11-00A0C91BC942}") = "string_empty", "string_empty\string_empty.vcxproj", "{24DE577C-F588-464F-847D-A0F4C2E0D206}"
EndProject
Project("{8BC9CEB8-8B4A-11D0-8D11-00A0C91BC942}") = "string_append", "string_append\string_append.vcxproj", "{63013137-9BFE-4409-AB2D-64555798B50B}"
EndProject
Project("{8BC9CEB8-8B4A-11D0-8D11-00A0C91BC942}") = "string_find", "string_find\string_find.vcxproj", "{501F3C77-55D3-4342-A924-DB7F9A73F682}"
EndProject
Global
	GlobalSection(SolutionConfigurationPlatforms) = preSolution
		Debug|x64 = Debug|x64
		Debug|x86 = Debug|x86
		Release|x64 = Release|x64
		Release|x86 = Release|x86
	EndGlobalSection
	GlobalSection(ProjectConfigurationPlatforms) = postSolution
		{04CB25C0-0883-42F6-B4A3-88AE5DA4B921}.Debug|x64.ActiveCfg = Debug|x64
		{04CB25C0-0883-42F6-B4A3-88AE5DA4B921}.Debug|x64.Build.0 = Debug|x64
		{04CB25C0-0883-42F6-B4A3-88AE5DA4B921}.Debug|x86.ActiveCfg = Debug|Win32
		{04CB25C0-0883-42F6-B4A3-88AE5DA4B921}.Debug|x86.Build.0 = Debug|Win32
		{04CB25C0-0883-42F6-B4A3-88AE5DA4B921}.Release|x64.ActiveCfg = Release|x64
		{04CB25C0-0883-42F6-B4A3-88AE5DA4B921}.Release|x64.Build.0 = Release|x64
		{04CB25C0-0883-42F6-B4A3-88AE5DA4B921}.Release|x86.ActiveCfg = Release|Win32
		{04CB25C0-0883-42F6-B4A3-88AE5DA4B921}.Release|x86.Build.0 = Release|Win32
		{24DE577C-F588-464F-847D-A0F4C2E0D206}.Debug|x64.ActiveCfg = Debug|x64
		{24DE577C-F588-464F-847D-A0F4C2E0D206}.Debug|x64.Build.0 = Debug|x64
		{24DE577C-F588-464F-847D-A0F4C2E0D206}.Debug|x86.ActiveCfg = Debug|Win32
		{24DE577C-F588-464F-847D-A0F4C2E0D206}.Debug|x86.Build.0 = Debug|Win32
		{24DE577C-F588-464F-847D-A0F4C2E0D206}.Release|x64.ActiveCfg = Release|x64
		{24DE577C-F588-464F-847D-A0F4C2E0D206}.Release|x64.Build.0 = Release|x64
		{24DE577C-F588-464F-847D-A0F4C2E0D206}.Release|x86.ActiveCfg = Release|Win32
		{24DE577C-F588-464F-847D-A0F4C2E0D206}.Release|x86.Build.0 = Release|Win32
		{63013137-9BFE-4409-AB2D-64555798B50B}.Debug|x64.ActiveCfg = Debug|x64
		{63013137-9BFE-4409-AB2D-64555798B50B}.Debug|x64.Build.0 = Debug|x64
		{63013137-9BFE-4409-AB2D-64555798B50B}.Debug|x86.ActiveCfg = Debug|Win32
		{63013137-9BFE-4409-AB2D-64555798B50B}.Debug|x86.Build.0 = Debug|Win32
		{63013137-9BFE-4409-AB2D-64555798B50B}.Release|x64.ActiveCfg = Release|x64
		{63013137-9BFE-4409-AB2D-64555798B50B}.Release|x64.Build.0 = Release|x64
		{63013137-9BFE-4409-AB2D-64555798B50B}.Release|x86.ActiveCfg = Release|Win32
		{63013137-9BFE-4409-AB2D-64555798B50B}.Release|x86.Build.0 = Release|Win32
		{501F3C77-55D3-4342-A924-DB7F9A73F682}.Debug|x64.ActiveCfg = Debug|x64
		{501F3C77-55D3-4342-A924-DB7F9A73F682}.Debug|x64.Build.0 = Debug|x64
		{501F3C77-55D3-4342-A924-DB7F9A73F682}.Debug|x86.ActiveCfg = Debug|Win32
		{501F3C77-55D3-4342-A924-DB7F9A73F682}.Debug|x86.Build.0 = Debug|Win32
		{501F3C77-55D3-4342-A924-DB7F9A73F682}.Release|x64.ActiveCfg = Release|x64
		{501F3C77-55D3-4342-A924-DB7F9A73F682}.Release|x64.Build.0 = Release|x64
		{501F3C77-55D3-4342-A924-DB7F9A73F682}.Release|x86.ActiveCfg = Release|Win32
		{501F3C77-55D3-4342-A924-DB7F9A73F682}.Release|x86.Build.0 = Release|Win32
	EndGlobalSection
	GlobalSection(SolutionProperties) = preSolution
		HideSolutionNode = FALSE
	EndGlobalSection
	GlobalSection(ExtensibilityGlobals) = postSolution
		SolutionGuid = {96897C9D-C9BE-4BDC-BE40-6D31DB0A39F3}
	EndGlobalSection
EndGlobal
