
Microsoft Visual Studio Solution File, Format Version 12.00
# Visual Studio Version 17
VisualStudioVersion = 17.13.35931.197
MinimumVisualStudioVersion = 10.0.40219.1
Project("{8BC9CEB8-8B4A-11D0-8D11-00A0C91BC942}") = "make_tuple", "make_tuple\make_tuple.vcxproj", "{8D61CD3F-2987-4917-8945-CE116FD57D59}"
EndProject
Project("{8BC9CEB8-8B4A-11D0-8D11-00A0C91BC942}") = "structured_binding", "structured_binding\structured_binding.vcxproj", "{61AA1C20-DD99-48DC-A943-386DD7756537}"
EndProject
Project("{8BC9CEB8-8B4A-11D0-8D11-00A0C91BC942}") = "tuple_decomposition", "tuple_decomposition\tuple_decomposition.vcxproj", "{21CA6DB0-2E3F-4831-A14F-2D260ACCAF15}"
EndProject
Project("{8BC9CEB8-8B4A-11D0-8D11-00A0C91BC942}") = "tuple_and_structed_binding", "tuple_and_structed_binding\tuple_and_structed_binding.vcxproj", "{0B6205F1-A2A8-4432-A947-8FA377CD8DFF}"
EndProject
Project("{8BC9CEB8-8B4A-11D0-8D11-00A0C91BC942}") = "copy_elision", "copy_elision\copy_elision.vcxproj", "{D1CAE6B6-06BD-4ACF-8ABD-FCDC372AEE4D}"
EndProject
Project("{8BC9CEB8-8B4A-11D0-8D11-00A0C91BC942}") = "unnecessary_copies", "unnecessary_copies\unnecessary_copies.vcxproj", "{AD4ABBBB-124E-4474-9B31-716ABCDAB14C}"
EndProject
Project("{8BC9CEB8-8B4A-11D0-8D11-00A0C91BC942}") = "range_based_for", "range_based_for\range_based_for.vcxproj", "{4E1B5BD6-21AC-478F-BDAE-D1E8E2BE3EEF}"
EndProject
Project("{8BC9CEB8-8B4A-11D0-8D11-00A0C91BC942}") = "statement_initialize", "statement_initialize\statement_initialize.vcxproj", "{2F59037B-CED7-4BB6-BBD0-8EB19AC84B41}"
EndProject
Project("{8BC9CEB8-8B4A-11D0-8D11-00A0C91BC942}") = "basic_lamda", "basic_lamda\basic_lamda.vcxproj", "{38B2E011-A9FE-435D-95D7-C5C86D27DD2B}"
EndProject
Project("{8BC9CEB8-8B4A-11D0-8D11-00A0C91BC942}") = "lamba_function_object", "lamba_function\lamba_function.vcxproj", "{E105E61B-6AB2-44A4-A963-38027957CF2B}"
EndProject
Project("{8BC9CEB8-8B4A-11D0-8D11-00A0C91BC942}") = "lambda_with_this", "lambda_with_this\lambda_with_this.vcxproj", "{ED6101B2-D927-4C0F-B1FA-D01F7C3A4A6A}"
EndProject
Global
	GlobalSection(SolutionConfigurationPlatforms) = preSolution
		Debug|x64 = Debug|x64
		Debug|x86 = Debug|x86
		Release|x64 = Release|x64
		Release|x86 = Release|x86
	EndGlobalSection
	GlobalSection(ProjectConfigurationPlatforms) = postSolution
		{8D61CD3F-2987-4917-8945-CE116FD57D59}.Debug|x64.ActiveCfg = Debug|x64
		{8D61CD3F-2987-4917-8945-CE116FD57D59}.Debug|x64.Build.0 = Debug|x64
		{8D61CD3F-2987-4917-8945-CE116FD57D59}.Debug|x86.ActiveCfg = Debug|Win32
		{8D61CD3F-2987-4917-8945-CE116FD57D59}.Debug|x86.Build.0 = Debug|Win32
		{8D61CD3F-2987-4917-8945-CE116FD57D59}.Release|x64.ActiveCfg = Release|x64
		{8D61CD3F-2987-4917-8945-CE116FD57D59}.Release|x64.Build.0 = Release|x64
		{8D61CD3F-2987-4917-8945-CE116FD57D59}.Release|x86.ActiveCfg = Release|Win32
		{8D61CD3F-2987-4917-8945-CE116FD57D59}.Release|x86.Build.0 = Release|Win32
		{61AA1C20-DD99-48DC-A943-386DD7756537}.Debug|x64.ActiveCfg = Debug|x64
		{61AA1C20-DD99-48DC-A943-386DD7756537}.Debug|x64.Build.0 = Debug|x64
		{61AA1C20-DD99-48DC-A943-386DD7756537}.Debug|x86.ActiveCfg = Debug|Win32
		{61AA1C20-DD99-48DC-A943-386DD7756537}.Debug|x86.Build.0 = Debug|Win32
		{61AA1C20-DD99-48DC-A943-386DD7756537}.Release|x64.ActiveCfg = Release|x64
		{61AA1C20-DD99-48DC-A943-386DD7756537}.Release|x64.Build.0 = Release|x64
		{61AA1C20-DD99-48DC-A943-386DD7756537}.Release|x86.ActiveCfg = Release|Win32
		{61AA1C20-DD99-48DC-A943-386DD7756537}.Release|x86.Build.0 = Release|Win32
		{21CA6DB0-2E3F-4831-A14F-2D260ACCAF15}.Debug|x64.ActiveCfg = Debug|x64
		{21CA6DB0-2E3F-4831-A14F-2D260ACCAF15}.Debug|x64.Build.0 = Debug|x64
		{21CA6DB0-2E3F-4831-A14F-2D260ACCAF15}.Debug|x86.ActiveCfg = Debug|Win32
		{21CA6DB0-2E3F-4831-A14F-2D260ACCAF15}.Debug|x86.Build.0 = Debug|Win32
		{21CA6DB0-2E3F-4831-A14F-2D260ACCAF15}.Release|x64.ActiveCfg = Release|x64
		{21CA6DB0-2E3F-4831-A14F-2D260ACCAF15}.Release|x64.Build.0 = Release|x64
		{21CA6DB0-2E3F-4831-A14F-2D260ACCAF15}.Release|x86.ActiveCfg = Release|Win32
		{21CA6DB0-2E3F-4831-A14F-2D260ACCAF15}.Release|x86.Build.0 = Release|Win32
		{0B6205F1-A2A8-4432-A947-8FA377CD8DFF}.Debug|x64.ActiveCfg = Debug|x64
		{0B6205F1-A2A8-4432-A947-8FA377CD8DFF}.Debug|x64.Build.0 = Debug|x64
		{0B6205F1-A2A8-4432-A947-8FA377CD8DFF}.Debug|x86.ActiveCfg = Debug|Win32
		{0B6205F1-A2A8-4432-A947-8FA377CD8DFF}.Debug|x86.Build.0 = Debug|Win32
		{0B6205F1-A2A8-4432-A947-8FA377CD8DFF}.Release|x64.ActiveCfg = Release|x64
		{0B6205F1-A2A8-4432-A947-8FA377CD8DFF}.Release|x64.Build.0 = Release|x64
		{0B6205F1-A2A8-4432-A947-8FA377CD8DFF}.Release|x86.ActiveCfg = Release|Win32
		{0B6205F1-A2A8-4432-A947-8FA377CD8DFF}.Release|x86.Build.0 = Release|Win32
		{D1CAE6B6-06BD-4ACF-8ABD-FCDC372AEE4D}.Debug|x64.ActiveCfg = Debug|x64
		{D1CAE6B6-06BD-4ACF-8ABD-FCDC372AEE4D}.Debug|x64.Build.0 = Debug|x64
		{D1CAE6B6-06BD-4ACF-8ABD-FCDC372AEE4D}.Debug|x86.ActiveCfg = Debug|Win32
		{D1CAE6B6-06BD-4ACF-8ABD-FCDC372AEE4D}.Debug|x86.Build.0 = Debug|Win32
		{D1CAE6B6-06BD-4ACF-8ABD-FCDC372AEE4D}.Release|x64.ActiveCfg = Release|x64
		{D1CAE6B6-06BD-4ACF-8ABD-FCDC372AEE4D}.Release|x64.Build.0 = Release|x64
		{D1CAE6B6-06BD-4ACF-8ABD-FCDC372AEE4D}.Release|x86.ActiveCfg = Release|Win32
		{D1CAE6B6-06BD-4ACF-8ABD-FCDC372AEE4D}.Release|x86.Build.0 = Release|Win32
		{AD4ABBBB-124E-4474-9B31-716ABCDAB14C}.Debug|x64.ActiveCfg = Debug|x64
		{AD4ABBBB-124E-4474-9B31-716ABCDAB14C}.Debug|x64.Build.0 = Debug|x64
		{AD4ABBBB-124E-4474-9B31-716ABCDAB14C}.Debug|x86.ActiveCfg = Debug|Win32
		{AD4ABBBB-124E-4474-9B31-716ABCDAB14C}.Debug|x86.Build.0 = Debug|Win32
		{AD4ABBBB-124E-4474-9B31-716ABCDAB14C}.Release|x64.ActiveCfg = Release|x64
		{AD4ABBBB-124E-4474-9B31-716ABCDAB14C}.Release|x64.Build.0 = Release|x64
		{AD4ABBBB-124E-4474-9B31-716ABCDAB14C}.Release|x86.ActiveCfg = Release|Win32
		{AD4ABBBB-124E-4474-9B31-716ABCDAB14C}.Release|x86.Build.0 = Release|Win32
		{4E1B5BD6-21AC-478F-BDAE-D1E8E2BE3EEF}.Debug|x64.ActiveCfg = Debug|x64
		{4E1B5BD6-21AC-478F-BDAE-D1E8E2BE3EEF}.Debug|x64.Build.0 = Debug|x64
		{4E1B5BD6-21AC-478F-BDAE-D1E8E2BE3EEF}.Debug|x86.ActiveCfg = Debug|Win32
		{4E1B5BD6-21AC-478F-BDAE-D1E8E2BE3EEF}.Debug|x86.Build.0 = Debug|Win32
		{4E1B5BD6-21AC-478F-BDAE-D1E8E2BE3EEF}.Release|x64.ActiveCfg = Release|x64
		{4E1B5BD6-21AC-478F-BDAE-D1E8E2BE3EEF}.Release|x64.Build.0 = Release|x64
		{4E1B5BD6-21AC-478F-BDAE-D1E8E2BE3EEF}.Release|x86.ActiveCfg = Release|Win32
		{4E1B5BD6-21AC-478F-BDAE-D1E8E2BE3EEF}.Release|x86.Build.0 = Release|Win32
		{2F59037B-CED7-4BB6-BBD0-8EB19AC84B41}.Debug|x64.ActiveCfg = Debug|x64
		{2F59037B-CED7-4BB6-BBD0-8EB19AC84B41}.Debug|x64.Build.0 = Debug|x64
		{2F59037B-CED7-4BB6-BBD0-8EB19AC84B41}.Debug|x86.ActiveCfg = Debug|Win32
		{2F59037B-CED7-4BB6-BBD0-8EB19AC84B41}.Debug|x86.Build.0 = Debug|Win32
		{2F59037B-CED7-4BB6-BBD0-8EB19AC84B41}.Release|x64.ActiveCfg = Release|x64
		{2F59037B-CED7-4BB6-BBD0-8EB19AC84B41}.Release|x64.Build.0 = Release|x64
		{2F59037B-CED7-4BB6-BBD0-8EB19AC84B41}.Release|x86.ActiveCfg = Release|Win32
		{2F59037B-CED7-4BB6-BBD0-8EB19AC84B41}.Release|x86.Build.0 = Release|Win32
		{38B2E011-A9FE-435D-95D7-C5C86D27DD2B}.Debug|x64.ActiveCfg = Debug|x64
		{38B2E011-A9FE-435D-95D7-C5C86D27DD2B}.Debug|x64.Build.0 = Debug|x64
		{38B2E011-A9FE-435D-95D7-C5C86D27DD2B}.Debug|x86.ActiveCfg = Debug|Win32
		{38B2E011-A9FE-435D-95D7-C5C86D27DD2B}.Debug|x86.Build.0 = Debug|Win32
		{38B2E011-A9FE-435D-95D7-C5C86D27DD2B}.Release|x64.ActiveCfg = Release|x64
		{38B2E011-A9FE-435D-95D7-C5C86D27DD2B}.Release|x64.Build.0 = Release|x64
		{38B2E011-A9FE-435D-95D7-C5C86D27DD2B}.Release|x86.ActiveCfg = Release|Win32
		{38B2E011-A9FE-435D-95D7-C5C86D27DD2B}.Release|x86.Build.0 = Release|Win32
		{E105E61B-6AB2-44A4-A963-38027957CF2B}.Debug|x64.ActiveCfg = Debug|x64
		{E105E61B-6AB2-44A4-A963-38027957CF2B}.Debug|x64.Build.0 = Debug|x64
		{E105E61B-6AB2-44A4-A963-38027957CF2B}.Debug|x86.ActiveCfg = Debug|Win32
		{E105E61B-6AB2-44A4-A963-38027957CF2B}.Debug|x86.Build.0 = Debug|Win32
		{E105E61B-6AB2-44A4-A963-38027957CF2B}.Release|x64.ActiveCfg = Release|x64
		{E105E61B-6AB2-44A4-A963-38027957CF2B}.Release|x64.Build.0 = Release|x64
		{E105E61B-6AB2-44A4-A963-38027957CF2B}.Release|x86.ActiveCfg = Release|Win32
		{E105E61B-6AB2-44A4-A963-38027957CF2B}.Release|x86.Build.0 = Release|Win32
		{ED6101B2-D927-4C0F-B1FA-D01F7C3A4A6A}.Debug|x64.ActiveCfg = Debug|x64
		{ED6101B2-D927-4C0F-B1FA-D01F7C3A4A6A}.Debug|x64.Build.0 = Debug|x64
		{ED6101B2-D927-4C0F-B1FA-D01F7C3A4A6A}.Debug|x86.ActiveCfg = Debug|Win32
		{ED6101B2-D927-4C0F-B1FA-D01F7C3A4A6A}.Debug|x86.Build.0 = Debug|Win32
		{ED6101B2-D927-4C0F-B1FA-D01F7C3A4A6A}.Release|x64.ActiveCfg = Release|x64
		{ED6101B2-D927-4C0F-B1FA-D01F7C3A4A6A}.Release|x64.Build.0 = Release|x64
		{ED6101B2-D927-4C0F-B1FA-D01F7C3A4A6A}.Release|x86.ActiveCfg = Release|Win32
		{ED6101B2-D927-4C0F-B1FA-D01F7C3A4A6A}.Release|x86.Build.0 = Release|Win32
	EndGlobalSection
	GlobalSection(SolutionProperties) = preSolution
		HideSolutionNode = FALSE
	EndGlobalSection
	GlobalSection(ExtensibilityGlobals) = postSolution
		SolutionGuid = {E20D367F-E6E5-4742-A714-D1C2D0AA9DDF}
	EndGlobalSection
EndGlobal
