
Microsoft Visual Studio Solution File, Format Version 12.00
# Visual Studio Version 17
VisualStudioVersion = 17.13.35931.197
MinimumVisualStudioVersion = 10.0.40219.1
Project("{8BC9CEB8-8B4A-11D0-8D11-00A0C91BC942}") = "try_throw_catch_1", "try_throw_catch_1\try_throw_catch_1.vcxproj", "{9A1B398F-7F9D-4F8F-8D8E-1986F535F389}"
EndProject
Project("{8BC9CEB8-8B4A-11D0-8D11-00A0C91BC942}") = "try_throw_catch_2", "try_throw_catch_2\try_throw_catch_2.vcxproj", "{9159D1CE-22B9-4DCB-8F77-F3ECFFEE1630}"
EndProject
Project("{8BC9CEB8-8B4A-11D0-8D11-00A0C91BC942}") = "stack_unwinding_1", "stack_unwinding_1\stack_unwinding_1.vcxproj", "{9D4BF17A-73DE-4F47-855F-405C24FABBF5}"
EndProject
Project("{8BC9CEB8-8B4A-11D0-8D11-00A0C91BC942}") = "stack_unwinding_2", "stack_unwinding_2\stack_unwinding_2.vcxproj", "{38B61C43-63AF-4BA7-A01E-75C905200ADC}"
EndProject
Project("{8BC9CEB8-8B4A-11D0-8D11-00A0C91BC942}") = "assert1", "assert1\assert1.vcxproj", "{8DC0E4FA-1507-4707-8106-F6FA37E7D67F}"
EndProject
Project("{8BC9CEB8-8B4A-11D0-8D11-00A0C91BC942}") = "try_catch_1", "try_catch_1\try_catch_1.vcxproj", "{85DF286F-7817-4E27-ADDF-56D51420FE1C}"
EndProject
Project("{8BC9CEB8-8B4A-11D0-8D11-00A0C91BC942}") = "noexcept", "noexcept\noexcept.vcxproj", "{C88CD54A-C013-4061-952B-CBC282B8A76E}"
EndProject
Project("{8BC9CEB8-8B4A-11D0-8D11-00A0C91BC942}") = "set_terminate", "set_terminate\set_terminate.vcxproj", "{E2CEC251-08B5-4FC4-97D6-5435410171C7}"
EndProject
Project("{8BC9CEB8-8B4A-11D0-8D11-00A0C91BC942}") = "exercise5", "exercise5\exercise5.vcxproj", "{758A7409-31A6-48B6-BD62-B8355111847C}"
EndProject
Global
	GlobalSection(SolutionConfigurationPlatforms) = preSolution
		Debug|x64 = Debug|x64
		Debug|x86 = Debug|x86
		Release|x64 = Release|x64
		Release|x86 = Release|x86
	EndGlobalSection
	GlobalSection(ProjectConfigurationPlatforms) = postSolution
		{9A1B398F-7F9D-4F8F-8D8E-1986F535F389}.Debug|x64.ActiveCfg = Debug|x64
		{9A1B398F-7F9D-4F8F-8D8E-1986F535F389}.Debug|x64.Build.0 = Debug|x64
		{9A1B398F-7F9D-4F8F-8D8E-1986F535F389}.Debug|x86.ActiveCfg = Debug|Win32
		{9A1B398F-7F9D-4F8F-8D8E-1986F535F389}.Debug|x86.Build.0 = Debug|Win32
		{9A1B398F-7F9D-4F8F-8D8E-1986F535F389}.Release|x64.ActiveCfg = Release|x64
		{9A1B398F-7F9D-4F8F-8D8E-1986F535F389}.Release|x64.Build.0 = Release|x64
		{9A1B398F-7F9D-4F8F-8D8E-1986F535F389}.Release|x86.ActiveCfg = Release|Win32
		{9A1B398F-7F9D-4F8F-8D8E-1986F535F389}.Release|x86.Build.0 = Release|Win32
		{9159D1CE-22B9-4DCB-8F77-F3ECFFEE1630}.Debug|x64.ActiveCfg = Debug|x64
		{9159D1CE-22B9-4DCB-8F77-F3ECFFEE1630}.Debug|x64.Build.0 = Debug|x64
		{9159D1CE-22B9-4DCB-8F77-F3ECFFEE1630}.Debug|x86.ActiveCfg = Debug|Win32
		{9159D1CE-22B9-4DCB-8F77-F3ECFFEE1630}.Debug|x86.Build.0 = Debug|Win32
		{9159D1CE-22B9-4DCB-8F77-F3ECFFEE1630}.Release|x64.ActiveCfg = Release|x64
		{9159D1CE-22B9-4DCB-8F77-F3ECFFEE1630}.Release|x64.Build.0 = Release|x64
		{9159D1CE-22B9-4DCB-8F77-F3ECFFEE1630}.Release|x86.ActiveCfg = Release|Win32
		{9159D1CE-22B9-4DCB-8F77-F3ECFFEE1630}.Release|x86.Build.0 = Release|Win32
		{9D4BF17A-73DE-4F47-855F-405C24FABBF5}.Debug|x64.ActiveCfg = Debug|x64
		{9D4BF17A-73DE-4F47-855F-405C24FABBF5}.Debug|x64.Build.0 = Debug|x64
		{9D4BF17A-73DE-4F47-855F-405C24FABBF5}.Debug|x86.ActiveCfg = Debug|Win32
		{9D4BF17A-73DE-4F47-855F-405C24FABBF5}.Debug|x86.Build.0 = Debug|Win32
		{9D4BF17A-73DE-4F47-855F-405C24FABBF5}.Release|x64.ActiveCfg = Release|x64
		{9D4BF17A-73DE-4F47-855F-405C24FABBF5}.Release|x64.Build.0 = Release|x64
		{9D4BF17A-73DE-4F47-855F-405C24FABBF5}.Release|x86.ActiveCfg = Release|Win32
		{9D4BF17A-73DE-4F47-855F-405C24FABBF5}.Release|x86.Build.0 = Release|Win32
		{38B61C43-63AF-4BA7-A01E-75C905200ADC}.Debug|x64.ActiveCfg = Debug|x64
		{38B61C43-63AF-4BA7-A01E-75C905200ADC}.Debug|x64.Build.0 = Debug|x64
		{38B61C43-63AF-4BA7-A01E-75C905200ADC}.Debug|x86.ActiveCfg = Debug|Win32
		{38B61C43-63AF-4BA7-A01E-75C905200ADC}.Debug|x86.Build.0 = Debug|Win32
		{38B61C43-63AF-4BA7-A01E-75C905200ADC}.Release|x64.ActiveCfg = Release|x64
		{38B61C43-63AF-4BA7-A01E-75C905200ADC}.Release|x64.Build.0 = Release|x64
		{38B61C43-63AF-4BA7-A01E-75C905200ADC}.Release|x86.ActiveCfg = Release|Win32
		{38B61C43-63AF-4BA7-A01E-75C905200ADC}.Release|x86.Build.0 = Release|Win32
		{8DC0E4FA-1507-4707-8106-F6FA37E7D67F}.Debug|x64.ActiveCfg = Debug|x64
		{8DC0E4FA-1507-4707-8106-F6FA37E7D67F}.Debug|x64.Build.0 = Debug|x64
		{8DC0E4FA-1507-4707-8106-F6FA37E7D67F}.Debug|x86.ActiveCfg = Debug|Win32
		{8DC0E4FA-1507-4707-8106-F6FA37E7D67F}.Debug|x86.Build.0 = Debug|Win32
		{8DC0E4FA-1507-4707-8106-F6FA37E7D67F}.Release|x64.ActiveCfg = Release|x64
		{8DC0E4FA-1507-4707-8106-F6FA37E7D67F}.Release|x64.Build.0 = Release|x64
		{8DC0E4FA-1507-4707-8106-F6FA37E7D67F}.Release|x86.ActiveCfg = Release|Win32
		{8DC0E4FA-1507-4707-8106-F6FA37E7D67F}.Release|x86.Build.0 = Release|Win32
		{85DF286F-7817-4E27-ADDF-56D51420FE1C}.Debug|x64.ActiveCfg = Debug|x64
		{85DF286F-7817-4E27-ADDF-56D51420FE1C}.Debug|x64.Build.0 = Debug|x64
		{85DF286F-7817-4E27-ADDF-56D51420FE1C}.Debug|x86.ActiveCfg = Debug|Win32
		{85DF286F-7817-4E27-ADDF-56D51420FE1C}.Debug|x86.Build.0 = Debug|Win32
		{85DF286F-7817-4E27-ADDF-56D51420FE1C}.Release|x64.ActiveCfg = Release|x64
		{85DF286F-7817-4E27-ADDF-56D51420FE1C}.Release|x64.Build.0 = Release|x64
		{85DF286F-7817-4E27-ADDF-56D51420FE1C}.Release|x86.ActiveCfg = Release|Win32
		{85DF286F-7817-4E27-ADDF-56D51420FE1C}.Release|x86.Build.0 = Release|Win32
		{C88CD54A-C013-4061-952B-CBC282B8A76E}.Debug|x64.ActiveCfg = Debug|x64
		{C88CD54A-C013-4061-952B-CBC282B8A76E}.Debug|x64.Build.0 = Debug|x64
		{C88CD54A-C013-4061-952B-CBC282B8A76E}.Debug|x86.ActiveCfg = Debug|Win32
		{C88CD54A-C013-4061-952B-CBC282B8A76E}.Debug|x86.Build.0 = Debug|Win32
		{C88CD54A-C013-4061-952B-CBC282B8A76E}.Release|x64.ActiveCfg = Release|x64
		{C88CD54A-C013-4061-952B-CBC282B8A76E}.Release|x64.Build.0 = Release|x64
		{C88CD54A-C013-4061-952B-CBC282B8A76E}.Release|x86.ActiveCfg = Release|Win32
		{C88CD54A-C013-4061-952B-CBC282B8A76E}.Release|x86.Build.0 = Release|Win32
		{E2CEC251-08B5-4FC4-97D6-5435410171C7}.Debug|x64.ActiveCfg = Debug|x64
		{E2CEC251-08B5-4FC4-97D6-5435410171C7}.Debug|x64.Build.0 = Debug|x64
		{E2CEC251-08B5-4FC4-97D6-5435410171C7}.Debug|x86.ActiveCfg = Debug|Win32
		{E2CEC251-08B5-4FC4-97D6-5435410171C7}.Debug|x86.Build.0 = Debug|Win32
		{E2CEC251-08B5-4FC4-97D6-5435410171C7}.Release|x64.ActiveCfg = Release|x64
		{E2CEC251-08B5-4FC4-97D6-5435410171C7}.Release|x64.Build.0 = Release|x64
		{E2CEC251-08B5-4FC4-97D6-5435410171C7}.Release|x86.ActiveCfg = Release|Win32
		{E2CEC251-08B5-4FC4-97D6-5435410171C7}.Release|x86.Build.0 = Release|Win32
		{758A7409-31A6-48B6-BD62-B8355111847C}.Debug|x64.ActiveCfg = Debug|x64
		{758A7409-31A6-48B6-BD62-B8355111847C}.Debug|x64.Build.0 = Debug|x64
		{758A7409-31A6-48B6-BD62-B8355111847C}.Debug|x86.ActiveCfg = Debug|Win32
		{758A7409-31A6-48B6-BD62-B8355111847C}.Debug|x86.Build.0 = Debug|Win32
		{758A7409-31A6-48B6-BD62-B8355111847C}.Release|x64.ActiveCfg = Release|x64
		{758A7409-31A6-48B6-BD62-B8355111847C}.Release|x64.Build.0 = Release|x64
		{758A7409-31A6-48B6-BD62-B8355111847C}.Release|x86.ActiveCfg = Release|Win32
		{758A7409-31A6-48B6-BD62-B8355111847C}.Release|x86.Build.0 = Release|Win32
	EndGlobalSection
	GlobalSection(SolutionProperties) = preSolution
		HideSolutionNode = FALSE
	EndGlobalSection
	GlobalSection(ExtensibilityGlobals) = postSolution
		SolutionGuid = {DB19F57B-130E-41B3-831A-0BF60B90B5B6}
	EndGlobalSection
EndGlobal
