
Microsoft Visual Studio Solution File, Format Version 12.00
# Visual Studio Version 17
VisualStudioVersion = 17.13.35931.197
MinimumVisualStudioVersion = 10.0.40219.1
Project("{8BC9CEB8-8B4A-11D0-8D11-00A0C91BC942}") = "iterator_operation", "Project1\Project1.vcxproj", "{04846244-5649-492D-A988-EF40E0F9CB1F}"
EndProject
Project("{8BC9CEB8-8B4A-11D0-8D11-00A0C91BC942}") = "array", "array\array.vcxproj", "{0BCF0EF8-98A3-4DA6-94BB-D07C2FFFDE40}"
EndProject
Project("{8BC9CEB8-8B4A-11D0-8D11-00A0C91BC942}") = "vector_insert_erase", "vector_insert_erase\vector_insert_erase.vcxproj", "{1AC32698-CC7E-4347-B824-D3D1FAA03A06}"
EndProject
Project("{8BC9CEB8-8B4A-11D0-8D11-00A0C91BC942}") = "disambiguating_depenent_type_names", "dependent_name_issue\dependent_name_issue.vcxproj", "{5BF21D62-7D97-418F-9575-D89D76722926}"
EndProject
Project("{8BC9CEB8-8B4A-11D0-8D11-00A0C91BC942}") = "what_is_dependent_type(name)", "what_is_dependent_type_(name)\what_is_dependent_type_(name).vcxproj", "{72359115-2DDE-4F6A-9A79-81840EADF0B1}"
EndProject
Project("{8BC9CEB8-8B4A-11D0-8D11-00A0C91BC942}") = "two_phase_name_lookup", "two_phase_name_lookup\two_phase_name_lookup.vcxproj", "{DD928F87-6171-48F4-91FB-6B29A205D4F1}"
EndProject
Project("{8BC9CEB8-8B4A-11D0-8D11-00A0C91BC942}") = "vector_const_iterator", "vector_const_iterator\vector_const_iterator.vcxproj", "{C10E45B3-6AF2-4225-AAC8-28EAA91E0403}"
EndProject
Project("{8BC9CEB8-8B4A-11D0-8D11-00A0C91BC942}") = "vector_reverse_iterator", "reverse_iterator\reverse_iterator.vcxproj", "{74F7C907-ECCB-4D36-9BA4-B392992C895F}"
EndProject
Project("{8BC9CEB8-8B4A-11D0-8D11-00A0C91BC942}") = "list", "list\list.vcxproj", "{699F0249-C1D3-4F68-96A2-C5F36F33880E}"
EndProject
Project("{8BC9CEB8-8B4A-11D0-8D11-00A0C91BC942}") = "deque", "deque\deque.vcxproj", "{7EB81A91-C9E1-4B2B-A801-58E903D4D652}"
EndProject
Project("{8BC9CEB8-8B4A-11D0-8D11-00A0C91BC942}") = "set", "set\set.vcxproj", "{AEF0C1B6-DE96-418A-8D13-B558A3EBF98C}"
EndProject
Global
	GlobalSection(SolutionConfigurationPlatforms) = preSolution
		Debug|x64 = Debug|x64
		Debug|x86 = Debug|x86
		Release|x64 = Release|x64
		Release|x86 = Release|x86
	EndGlobalSection
	GlobalSection(ProjectConfigurationPlatforms) = postSolution
		{04846244-5649-492D-A988-EF40E0F9CB1F}.Debug|x64.ActiveCfg = Debug|x64
		{04846244-5649-492D-A988-EF40E0F9CB1F}.Debug|x64.Build.0 = Debug|x64
		{04846244-5649-492D-A988-EF40E0F9CB1F}.Debug|x86.ActiveCfg = Debug|Win32
		{04846244-5649-492D-A988-EF40E0F9CB1F}.Debug|x86.Build.0 = Debug|Win32
		{04846244-5649-492D-A988-EF40E0F9CB1F}.Release|x64.ActiveCfg = Release|x64
		{04846244-5649-492D-A988-EF40E0F9CB1F}.Release|x64.Build.0 = Release|x64
		{04846244-5649-492D-A988-EF40E0F9CB1F}.Release|x86.ActiveCfg = Release|Win32
		{04846244-5649-492D-A988-EF40E0F9CB1F}.Release|x86.Build.0 = Release|Win32
		{0BCF0EF8-98A3-4DA6-94BB-D07C2FFFDE40}.Debug|x64.ActiveCfg = Debug|x64
		{0BCF0EF8-98A3-4DA6-94BB-D07C2FFFDE40}.Debug|x64.Build.0 = Debug|x64
		{0BCF0EF8-98A3-4DA6-94BB-D07C2FFFDE40}.Debug|x86.ActiveCfg = Debug|Win32
		{0BCF0EF8-98A3-4DA6-94BB-D07C2FFFDE40}.Debug|x86.Build.0 = Debug|Win32
		{0BCF0EF8-98A3-4DA6-94BB-D07C2FFFDE40}.Release|x64.ActiveCfg = Release|x64
		{0BCF0EF8-98A3-4DA6-94BB-D07C2FFFDE40}.Release|x64.Build.0 = Release|x64
		{0BCF0EF8-98A3-4DA6-94BB-D07C2FFFDE40}.Release|x86.ActiveCfg = Release|Win32
		{0BCF0EF8-98A3-4DA6-94BB-D07C2FFFDE40}.Release|x86.Build.0 = Release|Win32
		{1AC32698-CC7E-4347-B824-D3D1FAA03A06}.Debug|x64.ActiveCfg = Debug|x64
		{1AC32698-CC7E-4347-B824-D3D1FAA03A06}.Debug|x64.Build.0 = Debug|x64
		{1AC32698-CC7E-4347-B824-D3D1FAA03A06}.Debug|x86.ActiveCfg = Debug|Win32
		{1AC32698-CC7E-4347-B824-D3D1FAA03A06}.Debug|x86.Build.0 = Debug|Win32
		{1AC32698-CC7E-4347-B824-D3D1FAA03A06}.Release|x64.ActiveCfg = Release|x64
		{1AC32698-CC7E-4347-B824-D3D1FAA03A06}.Release|x64.Build.0 = Release|x64
		{1AC32698-CC7E-4347-B824-D3D1FAA03A06}.Release|x86.ActiveCfg = Release|Win32
		{1AC32698-CC7E-4347-B824-D3D1FAA03A06}.Release|x86.Build.0 = Release|Win32
		{5BF21D62-7D97-418F-9575-D89D76722926}.Debug|x64.ActiveCfg = Debug|x64
		{5BF21D62-7D97-418F-9575-D89D76722926}.Debug|x64.Build.0 = Debug|x64
		{5BF21D62-7D97-418F-9575-D89D76722926}.Debug|x86.ActiveCfg = Debug|Win32
		{5BF21D62-7D97-418F-9575-D89D76722926}.Debug|x86.Build.0 = Debug|Win32
		{5BF21D62-7D97-418F-9575-D89D76722926}.Release|x64.ActiveCfg = Release|x64
		{5BF21D62-7D97-418F-9575-D89D76722926}.Release|x64.Build.0 = Release|x64
		{5BF21D62-7D97-418F-9575-D89D76722926}.Release|x86.ActiveCfg = Release|Win32
		{5BF21D62-7D97-418F-9575-D89D76722926}.Release|x86.Build.0 = Release|Win32
		{72359115-2DDE-4F6A-9A79-81840EADF0B1}.Debug|x64.ActiveCfg = Debug|x64
		{72359115-2DDE-4F6A-9A79-81840EADF0B1}.Debug|x64.Build.0 = Debug|x64
		{72359115-2DDE-4F6A-9A79-81840EADF0B1}.Debug|x86.ActiveCfg = Debug|Win32
		{72359115-2DDE-4F6A-9A79-81840EADF0B1}.Debug|x86.Build.0 = Debug|Win32
		{72359115-2DDE-4F6A-9A79-81840EADF0B1}.Release|x64.ActiveCfg = Release|x64
		{72359115-2DDE-4F6A-9A79-81840EADF0B1}.Release|x64.Build.0 = Release|x64
		{72359115-2DDE-4F6A-9A79-81840EADF0B1}.Release|x86.ActiveCfg = Release|Win32
		{72359115-2DDE-4F6A-9A79-81840EADF0B1}.Release|x86.Build.0 = Release|Win32
		{DD928F87-6171-48F4-91FB-6B29A205D4F1}.Debug|x64.ActiveCfg = Debug|x64
		{DD928F87-6171-48F4-91FB-6B29A205D4F1}.Debug|x64.Build.0 = Debug|x64
		{DD928F87-6171-48F4-91FB-6B29A205D4F1}.Debug|x86.ActiveCfg = Debug|Win32
		{DD928F87-6171-48F4-91FB-6B29A205D4F1}.Debug|x86.Build.0 = Debug|Win32
		{DD928F87-6171-48F4-91FB-6B29A205D4F1}.Release|x64.ActiveCfg = Release|x64
		{DD928F87-6171-48F4-91FB-6B29A205D4F1}.Release|x64.Build.0 = Release|x64
		{DD928F87-6171-48F4-91FB-6B29A205D4F1}.Release|x86.ActiveCfg = Release|Win32
		{DD928F87-6171-48F4-91FB-6B29A205D4F1}.Release|x86.Build.0 = Release|Win32
		{C10E45B3-6AF2-4225-AAC8-28EAA91E0403}.Debug|x64.ActiveCfg = Debug|x64
		{C10E45B3-6AF2-4225-AAC8-28EAA91E0403}.Debug|x64.Build.0 = Debug|x64
		{C10E45B3-6AF2-4225-AAC8-28EAA91E0403}.Debug|x86.ActiveCfg = Debug|Win32
		{C10E45B3-6AF2-4225-AAC8-28EAA91E0403}.Debug|x86.Build.0 = Debug|Win32
		{C10E45B3-6AF2-4225-AAC8-28EAA91E0403}.Release|x64.ActiveCfg = Release|x64
		{C10E45B3-6AF2-4225-AAC8-28EAA91E0403}.Release|x64.Build.0 = Release|x64
		{C10E45B3-6AF2-4225-AAC8-28EAA91E0403}.Release|x86.ActiveCfg = Release|Win32
		{C10E45B3-6AF2-4225-AAC8-28EAA91E0403}.Release|x86.Build.0 = Release|Win32
		{74F7C907-ECCB-4D36-9BA4-B392992C895F}.Debug|x64.ActiveCfg = Debug|x64
		{74F7C907-ECCB-4D36-9BA4-B392992C895F}.Debug|x64.Build.0 = Debug|x64
		{74F7C907-ECCB-4D36-9BA4-B392992C895F}.Debug|x86.ActiveCfg = Debug|Win32
		{74F7C907-ECCB-4D36-9BA4-B392992C895F}.Debug|x86.Build.0 = Debug|Win32
		{74F7C907-ECCB-4D36-9BA4-B392992C895F}.Release|x64.ActiveCfg = Release|x64
		{74F7C907-ECCB-4D36-9BA4-B392992C895F}.Release|x64.Build.0 = Release|x64
		{74F7C907-ECCB-4D36-9BA4-B392992C895F}.Release|x86.ActiveCfg = Release|Win32
		{74F7C907-ECCB-4D36-9BA4-B392992C895F}.Release|x86.Build.0 = Release|Win32
		{699F0249-C1D3-4F68-96A2-C5F36F33880E}.Debug|x64.ActiveCfg = Debug|x64
		{699F0249-C1D3-4F68-96A2-C5F36F33880E}.Debug|x64.Build.0 = Debug|x64
		{699F0249-C1D3-4F68-96A2-C5F36F33880E}.Debug|x86.ActiveCfg = Debug|Win32
		{699F0249-C1D3-4F68-96A2-C5F36F33880E}.Debug|x86.Build.0 = Debug|Win32
		{699F0249-C1D3-4F68-96A2-C5F36F33880E}.Release|x64.ActiveCfg = Release|x64
		{699F0249-C1D3-4F68-96A2-C5F36F33880E}.Release|x64.Build.0 = Release|x64
		{699F0249-C1D3-4F68-96A2-C5F36F33880E}.Release|x86.ActiveCfg = Release|Win32
		{699F0249-C1D3-4F68-96A2-C5F36F33880E}.Release|x86.Build.0 = Release|Win32
		{7EB81A91-C9E1-4B2B-A801-58E903D4D652}.Debug|x64.ActiveCfg = Debug|x64
		{7EB81A91-C9E1-4B2B-A801-58E903D4D652}.Debug|x64.Build.0 = Debug|x64
		{7EB81A91-C9E1-4B2B-A801-58E903D4D652}.Debug|x86.ActiveCfg = Debug|Win32
		{7EB81A91-C9E1-4B2B-A801-58E903D4D652}.Debug|x86.Build.0 = Debug|Win32
		{7EB81A91-C9E1-4B2B-A801-58E903D4D652}.Release|x64.ActiveCfg = Release|x64
		{7EB81A91-C9E1-4B2B-A801-58E903D4D652}.Release|x64.Build.0 = Release|x64
		{7EB81A91-C9E1-4B2B-A801-58E903D4D652}.Release|x86.ActiveCfg = Release|Win32
		{7EB81A91-C9E1-4B2B-A801-58E903D4D652}.Release|x86.Build.0 = Release|Win32
		{AEF0C1B6-DE96-418A-8D13-B558A3EBF98C}.Debug|x64.ActiveCfg = Debug|x64
		{AEF0C1B6-DE96-418A-8D13-B558A3EBF98C}.Debug|x64.Build.0 = Debug|x64
		{AEF0C1B6-DE96-418A-8D13-B558A3EBF98C}.Debug|x86.ActiveCfg = Debug|Win32
		{AEF0C1B6-DE96-418A-8D13-B558A3EBF98C}.Debug|x86.Build.0 = Debug|Win32
		{AEF0C1B6-DE96-418A-8D13-B558A3EBF98C}.Release|x64.ActiveCfg = Release|x64
		{AEF0C1B6-DE96-418A-8D13-B558A3EBF98C}.Release|x64.Build.0 = Release|x64
		{AEF0C1B6-DE96-418A-8D13-B558A3EBF98C}.Release|x86.ActiveCfg = Release|Win32
		{AEF0C1B6-DE96-418A-8D13-B558A3EBF98C}.Release|x86.Build.0 = Release|Win32
	EndGlobalSection
	GlobalSection(SolutionProperties) = preSolution
		HideSolutionNode = FALSE
	EndGlobalSection
	GlobalSection(ExtensibilityGlobals) = postSolution
		SolutionGuid = {048C98A5-BF9A-48C1-93EE-7B0C63783AED}
	EndGlobalSection
EndGlobal
