
Microsoft Visual Studio Solution File, Format Version 12.00
# Visual Studio Version 17
VisualStudioVersion = 17.13.35931.197
MinimumVisualStudioVersion = 10.0.40219.1
Project("{8BC9CEB8-8B4A-11D0-8D11-00A0C91BC942}") = "iterator_operation", "Project1\Project1.vcxproj", "{04846244-5649-492D-A988-EF40E0F9CB1F}"
EndProject
Project("{8BC9CEB8-8B4A-11D0-8D11-00A0C91BC942}") = "array", "array\array.vcxproj", "{0BCF0EF8-98A3-4DA6-94BB-D07C2FFFDE40}"
EndProject
Project("{8BC9CEB8-8B4A-11D0-8D11-00A0C91BC942}") = "vector_insert_erase", "vector_insert_erase\vector_insert_erase.vcxproj", "{1AC32698-CC7E-4347-B824-D3D1FAA03A06}"
EndProject
Project("{8BC9CEB8-8B4A-11D0-8D11-00A0C91BC942}") = "disambiguating_depenent_type_names", "dependent_name_issue\dependent_name_issue.vcxproj", "{5BF21D62-7D97-418F-9575-D89D76722926}"
EndProject
Project("{8BC9CEB8-8B4A-11D0-8D11-00A0C91BC942}") = "what_is_dependent_type(name)", "what_is_dependent_type_(name)\what_is_dependent_type_(name).vcxproj", "{72359115-2DDE-4F6A-9A79-81840EADF0B1}"
EndProject
Project("{8BC9CEB8-8B4A-11D0-8D11-00A0C91BC942}") = "two_phase_name_lookup", "two_phase_name_lookup\two_phase_name_lookup.vcxproj", "{DD928F87-6171-48F4-91FB-6B29A205D4F1}"
EndProject
Project("{8BC9CEB8-8B4A-11D0-8D11-00A0C91BC942}") = "vector_const_iterator", "vector_const_iterator\vector_const_iterator.vcxproj", "{C10E45B3-6AF2-4225-AAC8-28EAA91E0403}"
EndProject
Project("{8BC9CEB8-8B4A-11D0-8D11-00A0C91BC942}") = "vector_reverse_iterator", "reverse_iterator\reverse_iterator.vcxproj", "{74F7C907-ECCB-4D36-9BA4-B392992C895F}"
EndProject
Project("{8BC9CEB8-8B4A-11D0-8D11-00A0C91BC942}") = "list", "list\list.vcxproj", "{699F0249-C1D3-4F68-96A2-C5F36F33880E}"
EndProject
Project("{8BC9CEB8-8B4A-11D0-8D11-00A0C91BC942}") = "deque", "deque\deque.vcxproj", "{7EB81A91-C9E1-4B2B-A801-58E903D4D652}"
EndProject
Project("{8BC9CEB8-8B4A-11D0-8D11-00A0C91BC942}") = "set", "set\set.vcxproj", "{AEF0C1B6-DE96-418A-8D13-B558A3EBF98C}"
EndProject
Project("{8BC9CEB8-8B4A-11D0-8D11-00A0C91BC942}") = "multiset", "multiset\multiset.vcxproj", "{88638116-C4FE-4F44-9F72-DDA7FAEE4F4F}"
EndProject
Project("{8BC9CEB8-8B4A-11D0-8D11-00A0C91BC942}") = "map", "map\map.vcxproj", "{0FCDFB0A-8C75-4659-AA9A-6AF4BC8AE5EC}"
EndProject
Project("{8BC9CEB8-8B4A-11D0-8D11-00A0C91BC942}") = "multimap", "multimap\multimap.vcxproj", "{8BE1862C-6E71-4309-A579-3E228462CFFB}"
EndProject
Project("{8BC9CEB8-8B4A-11D0-8D11-00A0C91BC942}") = "stack", "quick\quick.vcxproj", "{E7A321E1-D8F2-4FDE-9618-133637800BCC}"
EndProject
Project("{8BC9CEB8-8B4A-11D0-8D11-00A0C91BC942}") = "queue", "queue\queue.vcxproj", "{3C1FC63C-713B-499D-A8F4-8BF45592985F}"
EndProject
Project("{8BC9CEB8-8B4A-11D0-8D11-00A0C91BC942}") = "quicksort_ASC", "quicksort_ASC\quicksort_ASC.vcxproj", "{3D0CCA42-E07B-43D9-9264-4539ACF0F6A2}"
EndProject
Project("{8BC9CEB8-8B4A-11D0-8D11-00A0C91BC942}") = "quicksort_DESC", "quicksort_DESC\quicksort_DESC.vcxproj", "{E647C92A-9653-451C-943F-8C507C2EAEC5}"
EndProject
Project("{8BC9CEB8-8B4A-11D0-8D11-00A0C91BC942}") = "quicksort_user", "quicksort_user\quicksort_user.vcxproj", "{DAFBDEEC-978C-4D16-AAB2-8F29B5B8FFB8}"
EndProject
Project("{8BC9CEB8-8B4A-11D0-8D11-00A0C91BC942}") = "stable_sort", "stable_sort\stable_sort.vcxproj", "{5C9D4211-B6CD-406C-810E-954D350ED52F}"
EndProject
Project("{8BC9CEB8-8B4A-11D0-8D11-00A0C91BC942}") = "partial_sort", "partial_sort\partial_sort.vcxproj", "{AA226CE8-F162-48E6-AA38-79CB494363EF}"
EndProject
Global
	GlobalSection(SolutionConfigurationPlatforms) = preSolution
		Debug|x64 = Debug|x64
		Debug|x86 = Debug|x86
		Release|x64 = Release|x64
		Release|x86 = Release|x86
	EndGlobalSection
	GlobalSection(ProjectConfigurationPlatforms) = postSolution
		{04846244-5649-492D-A988-EF40E0F9CB1F}.Debug|x64.ActiveCfg = Debug|x64
		{04846244-5649-492D-A988-EF40E0F9CB1F}.Debug|x64.Build.0 = Debug|x64
		{04846244-5649-492D-A988-EF40E0F9CB1F}.Debug|x86.ActiveCfg = Debug|Win32
		{04846244-5649-492D-A988-EF40E0F9CB1F}.Debug|x86.Build.0 = Debug|Win32
		{04846244-5649-492D-A988-EF40E0F9CB1F}.Release|x64.ActiveCfg = Release|x64
		{04846244-5649-492D-A988-EF40E0F9CB1F}.Release|x64.Build.0 = Release|x64
		{04846244-5649-492D-A988-EF40E0F9CB1F}.Release|x86.ActiveCfg = Release|Win32
		{04846244-5649-492D-A988-EF40E0F9CB1F}.Release|x86.Build.0 = Release|Win32
		{0BCF0EF8-98A3-4DA6-94BB-D07C2FFFDE40}.Debug|x64.ActiveCfg = Debug|x64
		{0BCF0EF8-98A3-4DA6-94BB-D07C2FFFDE40}.Debug|x64.Build.0 = Debug|x64
		{0BCF0EF8-98A3-4DA6-94BB-D07C2FFFDE40}.Debug|x86.ActiveCfg = Debug|Win32
		{0BCF0EF8-98A3-4DA6-94BB-D07C2FFFDE40}.Debug|x86.Build.0 = Debug|Win32
		{0BCF0EF8-98A3-4DA6-94BB-D07C2FFFDE40}.Release|x64.ActiveCfg = Release|x64
		{0BCF0EF8-98A3-4DA6-94BB-D07C2FFFDE40}.Release|x64.Build.0 = Release|x64
		{0BCF0EF8-98A3-4DA6-94BB-D07C2FFFDE40}.Release|x86.ActiveCfg = Release|Win32
		{0BCF0EF8-98A3-4DA6-94BB-D07C2FFFDE40}.Release|x86.Build.0 = Release|Win32
		{1AC32698-CC7E-4347-B824-D3D1FAA03A06}.Debug|x64.ActiveCfg = Debug|x64
		{1AC32698-CC7E-4347-B824-D3D1FAA03A06}.Debug|x64.Build.0 = Debug|x64
		{1AC32698-CC7E-4347-B824-D3D1FAA03A06}.Debug|x86.ActiveCfg = Debug|Win32
		{1AC32698-CC7E-4347-B824-D3D1FAA03A06}.Debug|x86.Build.0 = Debug|Win32
		{1AC32698-CC7E-4347-B824-D3D1FAA03A06}.Release|x64.ActiveCfg = Release|x64
		{1AC32698-CC7E-4347-B824-D3D1FAA03A06}.Release|x64.Build.0 = Release|x64
		{1AC32698-CC7E-4347-B824-D3D1FAA03A06}.Release|x86.ActiveCfg = Release|Win32
		{1AC32698-CC7E-4347-B824-D3D1FAA03A06}.Release|x86.Build.0 = Release|Win32
		{5BF21D62-7D97-418F-9575-D89D76722926}.Debug|x64.ActiveCfg = Debug|x64
		{5BF21D62-7D97-418F-9575-D89D76722926}.Debug|x64.Build.0 = Debug|x64
		{5BF21D62-7D97-418F-9575-D89D76722926}.Debug|x86.ActiveCfg = Debug|Win32
		{5BF21D62-7D97-418F-9575-D89D76722926}.Debug|x86.Build.0 = Debug|Win32
		{5BF21D62-7D97-418F-9575-D89D76722926}.Release|x64.ActiveCfg = Release|x64
		{5BF21D62-7D97-418F-9575-D89D76722926}.Release|x64.Build.0 = Release|x64
		{5BF21D62-7D97-418F-9575-D89D76722926}.Release|x86.ActiveCfg = Release|Win32
		{5BF21D62-7D97-418F-9575-D89D76722926}.Release|x86.Build.0 = Release|Win32
		{72359115-2DDE-4F6A-9A79-81840EADF0B1}.Debug|x64.ActiveCfg = Debug|x64
		{72359115-2DDE-4F6A-9A79-81840EADF0B1}.Debug|x64.Build.0 = Debug|x64
		{72359115-2DDE-4F6A-9A79-81840EADF0B1}.Debug|x86.ActiveCfg = Debug|Win32
		{72359115-2DDE-4F6A-9A79-81840EADF0B1}.Debug|x86.Build.0 = Debug|Win32
		{72359115-2DDE-4F6A-9A79-81840EADF0B1}.Release|x64.ActiveCfg = Release|x64
		{72359115-2DDE-4F6A-9A79-81840EADF0B1}.Release|x64.Build.0 = Release|x64
		{72359115-2DDE-4F6A-9A79-81840EADF0B1}.Release|x86.ActiveCfg = Release|Win32
		{72359115-2DDE-4F6A-9A79-81840EADF0B1}.Release|x86.Build.0 = Release|Win32
		{DD928F87-6171-48F4-91FB-6B29A205D4F1}.Debug|x64.ActiveCfg = Debug|x64
		{DD928F87-6171-48F4-91FB-6B29A205D4F1}.Debug|x64.Build.0 = Debug|x64
		{DD928F87-6171-48F4-91FB-6B29A205D4F1}.Debug|x86.ActiveCfg = Debug|Win32
		{DD928F87-6171-48F4-91FB-6B29A205D4F1}.Debug|x86.Build.0 = Debug|Win32
		{DD928F87-6171-48F4-91FB-6B29A205D4F1}.Release|x64.ActiveCfg = Release|x64
		{DD928F87-6171-48F4-91FB-6B29A205D4F1}.Release|x64.Build.0 = Release|x64
		{DD928F87-6171-48F4-91FB-6B29A205D4F1}.Release|x86.ActiveCfg = Release|Win32
		{DD928F87-6171-48F4-91FB-6B29A205D4F1}.Release|x86.Build.0 = Release|Win32
		{C10E45B3-6AF2-4225-AAC8-28EAA91E0403}.Debug|x64.ActiveCfg = Debug|x64
		{C10E45B3-6AF2-4225-AAC8-28EAA91E0403}.Debug|x64.Build.0 = Debug|x64
		{C10E45B3-6AF2-4225-AAC8-28EAA91E0403}.Debug|x86.ActiveCfg = Debug|Win32
		{C10E45B3-6AF2-4225-AAC8-28EAA91E0403}.Debug|x86.Build.0 = Debug|Win32
		{C10E45B3-6AF2-4225-AAC8-28EAA91E0403}.Release|x64.ActiveCfg = Release|x64
		{C10E45B3-6AF2-4225-AAC8-28EAA91E0403}.Release|x64.Build.0 = Release|x64
		{C10E45B3-6AF2-4225-AAC8-28EAA91E0403}.Release|x86.ActiveCfg = Release|Win32
		{C10E45B3-6AF2-4225-AAC8-28EAA91E0403}.Release|x86.Build.0 = Release|Win32
		{74F7C907-ECCB-4D36-9BA4-B392992C895F}.Debug|x64.ActiveCfg = Debug|x64
		{74F7C907-ECCB-4D36-9BA4-B392992C895F}.Debug|x64.Build.0 = Debug|x64
		{74F7C907-ECCB-4D36-9BA4-B392992C895F}.Debug|x86.ActiveCfg = Debug|Win32
		{74F7C907-ECCB-4D36-9BA4-B392992C895F}.Debug|x86.Build.0 = Debug|Win32
		{74F7C907-ECCB-4D36-9BA4-B392992C895F}.Release|x64.ActiveCfg = Release|x64
		{74F7C907-ECCB-4D36-9BA4-B392992C895F}.Release|x64.Build.0 = Release|x64
		{74F7C907-ECCB-4D36-9BA4-B392992C895F}.Release|x86.ActiveCfg = Release|Win32
		{74F7C907-ECCB-4D36-9BA4-B392992C895F}.Release|x86.Build.0 = Release|Win32
		{699F0249-C1D3-4F68-96A2-C5F36F33880E}.Debug|x64.ActiveCfg = Debug|x64
		{699F0249-C1D3-4F68-96A2-C5F36F33880E}.Debug|x64.Build.0 = Debug|x64
		{699F0249-C1D3-4F68-96A2-C5F36F33880E}.Debug|x86.ActiveCfg = Debug|Win32
		{699F0249-C1D3-4F68-96A2-C5F36F33880E}.Debug|x86.Build.0 = Debug|Win32
		{699F0249-C1D3-4F68-96A2-C5F36F33880E}.Release|x64.ActiveCfg = Release|x64
		{699F0249-C1D3-4F68-96A2-C5F36F33880E}.Release|x64.Build.0 = Release|x64
		{699F0249-C1D3-4F68-96A2-C5F36F33880E}.Release|x86.ActiveCfg = Release|Win32
		{699F0249-C1D3-4F68-96A2-C5F36F33880E}.Release|x86.Build.0 = Release|Win32
		{7EB81A91-C9E1-4B2B-A801-58E903D4D652}.Debug|x64.ActiveCfg = Debug|x64
		{7EB81A91-C9E1-4B2B-A801-58E903D4D652}.Debug|x64.Build.0 = Debug|x64
		{7EB81A91-C9E1-4B2B-A801-58E903D4D652}.Debug|x86.ActiveCfg = Debug|Win32
		{7EB81A91-C9E1-4B2B-A801-58E903D4D652}.Debug|x86.Build.0 = Debug|Win32
		{7EB81A91-C9E1-4B2B-A801-58E903D4D652}.Release|x64.ActiveCfg = Release|x64
		{7EB81A91-C9E1-4B2B-A801-58E903D4D652}.Release|x64.Build.0 = Release|x64
		{7EB81A91-C9E1-4B2B-A801-58E903D4D652}.Release|x86.ActiveCfg = Release|Win32
		{7EB81A91-C9E1-4B2B-A801-58E903D4D652}.Release|x86.Build.0 = Release|Win32
		{AEF0C1B6-DE96-418A-8D13-B558A3EBF98C}.Debug|x64.ActiveCfg = Debug|x64
		{AEF0C1B6-DE96-418A-8D13-B558A3EBF98C}.Debug|x64.Build.0 = Debug|x64
		{AEF0C1B6-DE96-418A-8D13-B558A3EBF98C}.Debug|x86.ActiveCfg = Debug|Win32
		{AEF0C1B6-DE96-418A-8D13-B558A3EBF98C}.Debug|x86.Build.0 = Debug|Win32
		{AEF0C1B6-DE96-418A-8D13-B558A3EBF98C}.Release|x64.ActiveCfg = Release|x64
		{AEF0C1B6-DE96-418A-8D13-B558A3EBF98C}.Release|x64.Build.0 = Release|x64
		{AEF0C1B6-DE96-418A-8D13-B558A3EBF98C}.Release|x86.ActiveCfg = Release|Win32
		{AEF0C1B6-DE96-418A-8D13-B558A3EBF98C}.Release|x86.Build.0 = Release|Win32
		{88638116-C4FE-4F44-9F72-DDA7FAEE4F4F}.Debug|x64.ActiveCfg = Debug|x64
		{88638116-C4FE-4F44-9F72-DDA7FAEE4F4F}.Debug|x64.Build.0 = Debug|x64
		{88638116-C4FE-4F44-9F72-DDA7FAEE4F4F}.Debug|x86.ActiveCfg = Debug|Win32
		{88638116-C4FE-4F44-9F72-DDA7FAEE4F4F}.Debug|x86.Build.0 = Debug|Win32
		{88638116-C4FE-4F44-9F72-DDA7FAEE4F4F}.Release|x64.ActiveCfg = Release|x64
		{88638116-C4FE-4F44-9F72-DDA7FAEE4F4F}.Release|x64.Build.0 = Release|x64
		{88638116-C4FE-4F44-9F72-DDA7FAEE4F4F}.Release|x86.ActiveCfg = Release|Win32
		{88638116-C4FE-4F44-9F72-DDA7FAEE4F4F}.Release|x86.Build.0 = Release|Win32
		{0FCDFB0A-8C75-4659-AA9A-6AF4BC8AE5EC}.Debug|x64.ActiveCfg = Debug|x64
		{0FCDFB0A-8C75-4659-AA9A-6AF4BC8AE5EC}.Debug|x64.Build.0 = Debug|x64
		{0FCDFB0A-8C75-4659-AA9A-6AF4BC8AE5EC}.Debug|x86.ActiveCfg = Debug|Win32
		{0FCDFB0A-8C75-4659-AA9A-6AF4BC8AE5EC}.Debug|x86.Build.0 = Debug|Win32
		{0FCDFB0A-8C75-4659-AA9A-6AF4BC8AE5EC}.Release|x64.ActiveCfg = Release|x64
		{0FCDFB0A-8C75-4659-AA9A-6AF4BC8AE5EC}.Release|x64.Build.0 = Release|x64
		{0FCDFB0A-8C75-4659-AA9A-6AF4BC8AE5EC}.Release|x86.ActiveCfg = Release|Win32
		{0FCDFB0A-8C75-4659-AA9A-6AF4BC8AE5EC}.Release|x86.Build.0 = Release|Win32
		{8BE1862C-6E71-4309-A579-3E228462CFFB}.Debug|x64.ActiveCfg = Debug|x64
		{8BE1862C-6E71-4309-A579-3E228462CFFB}.Debug|x64.Build.0 = Debug|x64
		{8BE1862C-6E71-4309-A579-3E228462CFFB}.Debug|x86.ActiveCfg = Debug|Win32
		{8BE1862C-6E71-4309-A579-3E228462CFFB}.Debug|x86.Build.0 = Debug|Win32
		{8BE1862C-6E71-4309-A579-3E228462CFFB}.Release|x64.ActiveCfg = Release|x64
		{8BE1862C-6E71-4309-A579-3E228462CFFB}.Release|x64.Build.0 = Release|x64
		{8BE1862C-6E71-4309-A579-3E228462CFFB}.Release|x86.ActiveCfg = Release|Win32
		{8BE1862C-6E71-4309-A579-3E228462CFFB}.Release|x86.Build.0 = Release|Win32
		{E7A321E1-D8F2-4FDE-9618-133637800BCC}.Debug|x64.ActiveCfg = Debug|x64
		{E7A321E1-D8F2-4FDE-9618-133637800BCC}.Debug|x64.Build.0 = Debug|x64
		{E7A321E1-D8F2-4FDE-9618-133637800BCC}.Debug|x86.ActiveCfg = Debug|Win32
		{E7A321E1-D8F2-4FDE-9618-133637800BCC}.Debug|x86.Build.0 = Debug|Win32
		{E7A321E1-D8F2-4FDE-9618-133637800BCC}.Release|x64.ActiveCfg = Release|x64
		{E7A321E1-D8F2-4FDE-9618-133637800BCC}.Release|x64.Build.0 = Release|x64
		{E7A321E1-D8F2-4FDE-9618-133637800BCC}.Release|x86.ActiveCfg = Release|Win32
		{E7A321E1-D8F2-4FDE-9618-133637800BCC}.Release|x86.Build.0 = Release|Win32
		{3C1FC63C-713B-499D-A8F4-8BF45592985F}.Debug|x64.ActiveCfg = Debug|x64
		{3C1FC63C-713B-499D-A8F4-8BF45592985F}.Debug|x64.Build.0 = Debug|x64
		{3C1FC63C-713B-499D-A8F4-8BF45592985F}.Debug|x86.ActiveCfg = Debug|Win32
		{3C1FC63C-713B-499D-A8F4-8BF45592985F}.Debug|x86.Build.0 = Debug|Win32
		{3C1FC63C-713B-499D-A8F4-8BF45592985F}.Release|x64.ActiveCfg = Release|x64
		{3C1FC63C-713B-499D-A8F4-8BF45592985F}.Release|x64.Build.0 = Release|x64
		{3C1FC63C-713B-499D-A8F4-8BF45592985F}.Release|x86.ActiveCfg = Release|Win32
		{3C1FC63C-713B-499D-A8F4-8BF45592985F}.Release|x86.Build.0 = Release|Win32
		{3D0CCA42-E07B-43D9-9264-4539ACF0F6A2}.Debug|x64.ActiveCfg = Debug|x64
		{3D0CCA42-E07B-43D9-9264-4539ACF0F6A2}.Debug|x64.Build.0 = Debug|x64
		{3D0CCA42-E07B-43D9-9264-4539ACF0F6A2}.Debug|x86.ActiveCfg = Debug|Win32
		{3D0CCA42-E07B-43D9-9264-4539ACF0F6A2}.Debug|x86.Build.0 = Debug|Win32
		{3D0CCA42-E07B-43D9-9264-4539ACF0F6A2}.Release|x64.ActiveCfg = Release|x64
		{3D0CCA42-E07B-43D9-9264-4539ACF0F6A2}.Release|x64.Build.0 = Release|x64
		{3D0CCA42-E07B-43D9-9264-4539ACF0F6A2}.Release|x86.ActiveCfg = Release|Win32
		{3D0CCA42-E07B-43D9-9264-4539ACF0F6A2}.Release|x86.Build.0 = Release|Win32
		{E647C92A-9653-451C-943F-8C507C2EAEC5}.Debug|x64.ActiveCfg = Debug|x64
		{E647C92A-9653-451C-943F-8C507C2EAEC5}.Debug|x64.Build.0 = Debug|x64
		{E647C92A-9653-451C-943F-8C507C2EAEC5}.Debug|x86.ActiveCfg = Debug|Win32
		{E647C92A-9653-451C-943F-8C507C2EAEC5}.Debug|x86.Build.0 = Debug|Win32
		{E647C92A-9653-451C-943F-8C507C2EAEC5}.Release|x64.ActiveCfg = Release|x64
		{E647C92A-9653-451C-943F-8C507C2EAEC5}.Release|x64.Build.0 = Release|x64
		{E647C92A-9653-451C-943F-8C507C2EAEC5}.Release|x86.ActiveCfg = Release|Win32
		{E647C92A-9653-451C-943F-8C507C2EAEC5}.Release|x86.Build.0 = Release|Win32
		{DAFBDEEC-978C-4D16-AAB2-8F29B5B8FFB8}.Debug|x64.ActiveCfg = Debug|x64
		{DAFBDEEC-978C-4D16-AAB2-8F29B5B8FFB8}.Debug|x64.Build.0 = Debug|x64
		{DAFBDEEC-978C-4D16-AAB2-8F29B5B8FFB8}.Debug|x86.ActiveCfg = Debug|Win32
		{DAFBDEEC-978C-4D16-AAB2-8F29B5B8FFB8}.Debug|x86.Build.0 = Debug|Win32
		{DAFBDEEC-978C-4D16-AAB2-8F29B5B8FFB8}.Release|x64.ActiveCfg = Release|x64
		{DAFBDEEC-978C-4D16-AAB2-8F29B5B8FFB8}.Release|x64.Build.0 = Release|x64
		{DAFBDEEC-978C-4D16-AAB2-8F29B5B8FFB8}.Release|x86.ActiveCfg = Release|Win32
		{DAFBDEEC-978C-4D16-AAB2-8F29B5B8FFB8}.Release|x86.Build.0 = Release|Win32
		{5C9D4211-B6CD-406C-810E-954D350ED52F}.Debug|x64.ActiveCfg = Debug|x64
		{5C9D4211-B6CD-406C-810E-954D350ED52F}.Debug|x64.Build.0 = Debug|x64
		{5C9D4211-B6CD-406C-810E-954D350ED52F}.Debug|x86.ActiveCfg = Debug|Win32
		{5C9D4211-B6CD-406C-810E-954D350ED52F}.Debug|x86.Build.0 = Debug|Win32
		{5C9D4211-B6CD-406C-810E-954D350ED52F}.Release|x64.ActiveCfg = Release|x64
		{5C9D4211-B6CD-406C-810E-954D350ED52F}.Release|x64.Build.0 = Release|x64
		{5C9D4211-B6CD-406C-810E-954D350ED52F}.Release|x86.ActiveCfg = Release|Win32
		{5C9D4211-B6CD-406C-810E-954D350ED52F}.Release|x86.Build.0 = Release|Win32
		{AA226CE8-F162-48E6-AA38-79CB494363EF}.Debug|x64.ActiveCfg = Debug|x64
		{AA226CE8-F162-48E6-AA38-79CB494363EF}.Debug|x64.Build.0 = Debug|x64
		{AA226CE8-F162-48E6-AA38-79CB494363EF}.Debug|x86.ActiveCfg = Debug|Win32
		{AA226CE8-F162-48E6-AA38-79CB494363EF}.Debug|x86.Build.0 = Debug|Win32
		{AA226CE8-F162-48E6-AA38-79CB494363EF}.Release|x64.ActiveCfg = Release|x64
		{AA226CE8-F162-48E6-AA38-79CB494363EF}.Release|x64.Build.0 = Release|x64
		{AA226CE8-F162-48E6-AA38-79CB494363EF}.Release|x86.ActiveCfg = Release|Win32
		{AA226CE8-F162-48E6-AA38-79CB494363EF}.Release|x86.Build.0 = Release|Win32
	EndGlobalSection
	GlobalSection(SolutionProperties) = preSolution
		HideSolutionNode = FALSE
	EndGlobalSection
	GlobalSection(ExtensibilityGlobals) = postSolution
		SolutionGuid = {048C98A5-BF9A-48C1-93EE-7B0C63783AED}
	EndGlobalSection
EndGlobal
