
Microsoft Visual Studio Solution File, Format Version 12.00
# Visual Studio Version 17
VisualStudioVersion = 17.13.35931.197 d17.13
MinimumVisualStudioVersion = 10.0.40219.1
Project("{8BC9CEB8-8B4A-11D0-8D11-00A0C91BC942}") = "function_template", "function_template\function_template.vcxproj", "{5E7912D3-FE34-46CA-8ED5-CC6D6F5C73FF}"
EndProject
Project("{8BC9CEB8-8B4A-11D0-8D11-00A0C91BC942}") = "function_template_specialization", "function_template_specialization\function_template_specialization.vcxproj", "{A633AE12-E96F-4638-B072-C71DF379FB07}"
EndProject
Project("{8BC9CEB8-8B4A-11D0-8D11-00A0C91BC942}") = "class_template", "class_template\class_template.vcxproj", "{0ED832AF-97C7-492F-B141-6C8F55CDE4EC}"
EndProject
Project("{8BC9CEB8-8B4A-11D0-8D11-00A0C91BC942}") = "class_template_datatype_inference", "class_template_datatype_inference\class_template_datatype_inference.vcxproj", "{FD2ED447-F349-4D61-BA19-588EF4FDD125}"
EndProject
Project("{8BC9CEB8-8B4A-11D0-8D11-00A0C91BC942}") = "class_template_partial_specialization", "class_template_partial_specialization\class_template_partial_specialization.vcxproj", "{2F8495FC-F1F3-4947-A2BA-BBB8E374015E}"
EndProject
Project("{8BC9CEB8-8B4A-11D0-8D11-00A0C91BC942}") = "class_template_nested_template", "class_template_nested_template\class_template_nested_template.vcxproj", "{6A63763D-1C8C-41DE-8A79-8F6D2FD29DF4}"
EndProject
Project("{8BC9CEB8-8B4A-11D0-8D11-00A0C91BC942}") = "class_template_default_data_type", "class_template_default_data_type\class_template_default_data_type.vcxproj", "{F830E57E-35F6-4B33-B4F1-CD895C3FBE24}"
EndProject
Global
	GlobalSection(SolutionConfigurationPlatforms) = preSolution
		Debug|x64 = Debug|x64
		Debug|x86 = Debug|x86
		Release|x64 = Release|x64
		Release|x86 = Release|x86
	EndGlobalSection
	GlobalSection(ProjectConfigurationPlatforms) = postSolution
		{5E7912D3-FE34-46CA-8ED5-CC6D6F5C73FF}.Debug|x64.ActiveCfg = Debug|x64
		{5E7912D3-FE34-46CA-8ED5-CC6D6F5C73FF}.Debug|x64.Build.0 = Debug|x64
		{5E7912D3-FE34-46CA-8ED5-CC6D6F5C73FF}.Debug|x86.ActiveCfg = Debug|Win32
		{5E7912D3-FE34-46CA-8ED5-CC6D6F5C73FF}.Debug|x86.Build.0 = Debug|Win32
		{5E7912D3-FE34-46CA-8ED5-CC6D6F5C73FF}.Release|x64.ActiveCfg = Release|x64
		{5E7912D3-FE34-46CA-8ED5-CC6D6F5C73FF}.Release|x64.Build.0 = Release|x64
		{5E7912D3-FE34-46CA-8ED5-CC6D6F5C73FF}.Release|x86.ActiveCfg = Release|Win32
		{5E7912D3-FE34-46CA-8ED5-CC6D6F5C73FF}.Release|x86.Build.0 = Release|Win32
		{A633AE12-E96F-4638-B072-C71DF379FB07}.Debug|x64.ActiveCfg = Debug|x64
		{A633AE12-E96F-4638-B072-C71DF379FB07}.Debug|x64.Build.0 = Debug|x64
		{A633AE12-E96F-4638-B072-C71DF379FB07}.Debug|x86.ActiveCfg = Debug|Win32
		{A633AE12-E96F-4638-B072-C71DF379FB07}.Debug|x86.Build.0 = Debug|Win32
		{A633AE12-E96F-4638-B072-C71DF379FB07}.Release|x64.ActiveCfg = Release|x64
		{A633AE12-E96F-4638-B072-C71DF379FB07}.Release|x64.Build.0 = Release|x64
		{A633AE12-E96F-4638-B072-C71DF379FB07}.Release|x86.ActiveCfg = Release|Win32
		{A633AE12-E96F-4638-B072-C71DF379FB07}.Release|x86.Build.0 = Release|Win32
		{0ED832AF-97C7-492F-B141-6C8F55CDE4EC}.Debug|x64.ActiveCfg = Debug|x64
		{0ED832AF-97C7-492F-B141-6C8F55CDE4EC}.Debug|x64.Build.0 = Debug|x64
		{0ED832AF-97C7-492F-B141-6C8F55CDE4EC}.Debug|x86.ActiveCfg = Debug|Win32
		{0ED832AF-97C7-492F-B141-6C8F55CDE4EC}.Debug|x86.Build.0 = Debug|Win32
		{0ED832AF-97C7-492F-B141-6C8F55CDE4EC}.Release|x64.ActiveCfg = Release|x64
		{0ED832AF-97C7-492F-B141-6C8F55CDE4EC}.Release|x64.Build.0 = Release|x64
		{0ED832AF-97C7-492F-B141-6C8F55CDE4EC}.Release|x86.ActiveCfg = Release|Win32
		{0ED832AF-97C7-492F-B141-6C8F55CDE4EC}.Release|x86.Build.0 = Release|Win32
		{FD2ED447-F349-4D61-BA19-588EF4FDD125}.Debug|x64.ActiveCfg = Debug|x64
		{FD2ED447-F349-4D61-BA19-588EF4FDD125}.Debug|x64.Build.0 = Debug|x64
		{FD2ED447-F349-4D61-BA19-588EF4FDD125}.Debug|x86.ActiveCfg = Debug|Win32
		{FD2ED447-F349-4D61-BA19-588EF4FDD125}.Debug|x86.Build.0 = Debug|Win32
		{FD2ED447-F349-4D61-BA19-588EF4FDD125}.Release|x64.ActiveCfg = Release|x64
		{FD2ED447-F349-4D61-BA19-588EF4FDD125}.Release|x64.Build.0 = Release|x64
		{FD2ED447-F349-4D61-BA19-588EF4FDD125}.Release|x86.ActiveCfg = Release|Win32
		{FD2ED447-F349-4D61-BA19-588EF4FDD125}.Release|x86.Build.0 = Release|Win32
		{2F8495FC-F1F3-4947-A2BA-BBB8E374015E}.Debug|x64.ActiveCfg = Debug|x64
		{2F8495FC-F1F3-4947-A2BA-BBB8E374015E}.Debug|x64.Build.0 = Debug|x64
		{2F8495FC-F1F3-4947-A2BA-BBB8E374015E}.Debug|x86.ActiveCfg = Debug|Win32
		{2F8495FC-F1F3-4947-A2BA-BBB8E374015E}.Debug|x86.Build.0 = Debug|Win32
		{2F8495FC-F1F3-4947-A2BA-BBB8E374015E}.Release|x64.ActiveCfg = Release|x64
		{2F8495FC-F1F3-4947-A2BA-BBB8E374015E}.Release|x64.Build.0 = Release|x64
		{2F8495FC-F1F3-4947-A2BA-BBB8E374015E}.Release|x86.ActiveCfg = Release|Win32
		{2F8495FC-F1F3-4947-A2BA-BBB8E374015E}.Release|x86.Build.0 = Release|Win32
		{6A63763D-1C8C-41DE-8A79-8F6D2FD29DF4}.Debug|x64.ActiveCfg = Debug|x64
		{6A63763D-1C8C-41DE-8A79-8F6D2FD29DF4}.Debug|x64.Build.0 = Debug|x64
		{6A63763D-1C8C-41DE-8A79-8F6D2FD29DF4}.Debug|x86.ActiveCfg = Debug|Win32
		{6A63763D-1C8C-41DE-8A79-8F6D2FD29DF4}.Debug|x86.Build.0 = Debug|Win32
		{6A63763D-1C8C-41DE-8A79-8F6D2FD29DF4}.Release|x64.ActiveCfg = Release|x64
		{6A63763D-1C8C-41DE-8A79-8F6D2FD29DF4}.Release|x64.Build.0 = Release|x64
		{6A63763D-1C8C-41DE-8A79-8F6D2FD29DF4}.Release|x86.ActiveCfg = Release|Win32
		{6A63763D-1C8C-41DE-8A79-8F6D2FD29DF4}.Release|x86.Build.0 = Release|Win32
		{F830E57E-35F6-4B33-B4F1-CD895C3FBE24}.Debug|x64.ActiveCfg = Debug|x64
		{F830E57E-35F6-4B33-B4F1-CD895C3FBE24}.Debug|x64.Build.0 = Debug|x64
		{F830E57E-35F6-4B33-B4F1-CD895C3FBE24}.Debug|x86.ActiveCfg = Debug|Win32
		{F830E57E-35F6-4B33-B4F1-CD895C3FBE24}.Debug|x86.Build.0 = Debug|Win32
		{F830E57E-35F6-4B33-B4F1-CD895C3FBE24}.Release|x64.ActiveCfg = Release|x64
		{F830E57E-35F6-4B33-B4F1-CD895C3FBE24}.Release|x64.Build.0 = Release|x64
		{F830E57E-35F6-4B33-B4F1-CD895C3FBE24}.Release|x86.ActiveCfg = Release|Win32
		{F830E57E-35F6-4B33-B4F1-CD895C3FBE24}.Release|x86.Build.0 = Release|Win32
	EndGlobalSection
	GlobalSection(SolutionProperties) = preSolution
		HideSolutionNode = FALSE
	EndGlobalSection
	GlobalSection(ExtensibilityGlobals) = postSolution
		SolutionGuid = {414EEE25-EB0A-4738-82CF-E68BD6380ABD}
	EndGlobalSection
EndGlobal
