
Microsoft Visual Studio Solution File, Format Version 12.00
# Visual Studio Version 17
VisualStudioVersion = 17.13.35931.197
MinimumVisualStudioVersion = 10.0.40219.1
Project("{8BC9CEB8-8B4A-11D0-8D11-00A0C91BC942}") = "input_output", "input_output\input_output.vcxproj", "{83CE6F66-EAE4-493E-A3C2-48F5AF134AD9}"
EndProject
Project("{8BC9CEB8-8B4A-11D0-8D11-00A0C91BC942}") = "bool", "bool\bool.vcxproj", "{72E5A921-C01A-4CD7-89C6-A9CBEB3FDB8E}"
EndProject
Project("{8BC9CEB8-8B4A-11D0-8D11-00A0C91BC942}") = "print_ASCII", "print_ASCII\print_ASCII.vcxproj", "{C8B44CCD-C3A1-4EF2-8F83-4EB6FF32521E}"
EndProject
Project("{8BC9CEB8-8B4A-11D0-8D11-00A0C91BC942}") = "UNICODE", "UNICODE\UNICODE.vcxproj", "{5C03F8F6-5211-45AB-B3BC-75A889BCA543}"
EndProject
Project("{8BC9CEB8-8B4A-11D0-8D11-00A0C91BC942}") = "precision_floating_point", "precision_floating_point\precision_floating_point.vcxproj", "{87B1C95A-7D98-4148-B76F-AA1175530562}"
EndProject
Project("{8BC9CEB8-8B4A-11D0-8D11-00A0C91BC942}") = "variables_global_vs_local", "variables_global_vs_local\variables_global_vs_local.vcxproj", "{752FD8F5-75A0-4872-B1B9-D7D277BE2A0E}"
EndProject
Project("{8BC9CEB8-8B4A-11D0-8D11-00A0C91BC942}") = "std_string", "std_string\std_string.vcxproj", "{BEEBD32B-912D-4AED-96B0-9FFA95BA8DDD}"
EndProject
Project("{8BC9CEB8-8B4A-11D0-8D11-00A0C91BC942}") = "user_defined_literals", "user_defined_literals\user_defined_literals.vcxproj", "{976A288C-3943-4406-B2C8-0CAE2DEA32BB}"
EndProject
Project("{8BC9CEB8-8B4A-11D0-8D11-00A0C91BC942}") = "bitwise_NOT", "bitwise_NOT\bitwise_NOT.vcxproj", "{EF6581D3-31CD-4F99-91BA-07F14352079D}"
EndProject
Project("{8BC9CEB8-8B4A-11D0-8D11-00A0C91BC942}") = "bitwise", "bitwise\bitwise.vcxproj", "{2EF90161-BF63-4072-AE3E-8517A796353C}"
EndProject
Project("{8BC9CEB8-8B4A-11D0-8D11-00A0C91BC942}") = "explicit_cast", "explicit_cast\explicit_cast.vcxproj", "{2AF43810-9D23-4214-873C-C1FDBECB261E}"
EndProject
Project("{8BC9CEB8-8B4A-11D0-8D11-00A0C91BC942}") = "_if", "_if\_if.vcxproj", "{9158C511-80FE-4224-B82D-1876EF8FCFB5}"
EndProject
Global
	GlobalSection(SolutionConfigurationPlatforms) = preSolution
		Debug|x64 = Debug|x64
		Debug|x86 = Debug|x86
		Release|x64 = Release|x64
		Release|x86 = Release|x86
	EndGlobalSection
	GlobalSection(ProjectConfigurationPlatforms) = postSolution
		{83CE6F66-EAE4-493E-A3C2-48F5AF134AD9}.Debug|x64.ActiveCfg = Debug|x64
		{83CE6F66-EAE4-493E-A3C2-48F5AF134AD9}.Debug|x64.Build.0 = Debug|x64
		{83CE6F66-EAE4-493E-A3C2-48F5AF134AD9}.Debug|x86.ActiveCfg = Debug|Win32
		{83CE6F66-EAE4-493E-A3C2-48F5AF134AD9}.Debug|x86.Build.0 = Debug|Win32
		{83CE6F66-EAE4-493E-A3C2-48F5AF134AD9}.Release|x64.ActiveCfg = Release|x64
		{83CE6F66-EAE4-493E-A3C2-48F5AF134AD9}.Release|x64.Build.0 = Release|x64
		{83CE6F66-EAE4-493E-A3C2-48F5AF134AD9}.Release|x86.ActiveCfg = Release|Win32
		{83CE6F66-EAE4-493E-A3C2-48F5AF134AD9}.Release|x86.Build.0 = Release|Win32
		{72E5A921-C01A-4CD7-89C6-A9CBEB3FDB8E}.Debug|x64.ActiveCfg = Debug|x64
		{72E5A921-C01A-4CD7-89C6-A9CBEB3FDB8E}.Debug|x64.Build.0 = Debug|x64
		{72E5A921-C01A-4CD7-89C6-A9CBEB3FDB8E}.Debug|x86.ActiveCfg = Debug|Win32
		{72E5A921-C01A-4CD7-89C6-A9CBEB3FDB8E}.Debug|x86.Build.0 = Debug|Win32
		{72E5A921-C01A-4CD7-89C6-A9CBEB3FDB8E}.Release|x64.ActiveCfg = Release|x64
		{72E5A921-C01A-4CD7-89C6-A9CBEB3FDB8E}.Release|x64.Build.0 = Release|x64
		{72E5A921-C01A-4CD7-89C6-A9CBEB3FDB8E}.Release|x86.ActiveCfg = Release|Win32
		{72E5A921-C01A-4CD7-89C6-A9CBEB3FDB8E}.Release|x86.Build.0 = Release|Win32
		{C8B44CCD-C3A1-4EF2-8F83-4EB6FF32521E}.Debug|x64.ActiveCfg = Debug|x64
		{C8B44CCD-C3A1-4EF2-8F83-4EB6FF32521E}.Debug|x64.Build.0 = Debug|x64
		{C8B44CCD-C3A1-4EF2-8F83-4EB6FF32521E}.Debug|x86.ActiveCfg = Debug|Win32
		{C8B44CCD-C3A1-4EF2-8F83-4EB6FF32521E}.Debug|x86.Build.0 = Debug|Win32
		{C8B44CCD-C3A1-4EF2-8F83-4EB6FF32521E}.Release|x64.ActiveCfg = Release|x64
		{C8B44CCD-C3A1-4EF2-8F83-4EB6FF32521E}.Release|x64.Build.0 = Release|x64
		{C8B44CCD-C3A1-4EF2-8F83-4EB6FF32521E}.Release|x86.ActiveCfg = Release|Win32
		{C8B44CCD-C3A1-4EF2-8F83-4EB6FF32521E}.Release|x86.Build.0 = Release|Win32
		{5C03F8F6-5211-45AB-B3BC-75A889BCA543}.Debug|x64.ActiveCfg = Debug|x64
		{5C03F8F6-5211-45AB-B3BC-75A889BCA543}.Debug|x64.Build.0 = Debug|x64
		{5C03F8F6-5211-45AB-B3BC-75A889BCA543}.Debug|x86.ActiveCfg = Debug|Win32
		{5C03F8F6-5211-45AB-B3BC-75A889BCA543}.Debug|x86.Build.0 = Debug|Win32
		{5C03F8F6-5211-45AB-B3BC-75A889BCA543}.Release|x64.ActiveCfg = Release|x64
		{5C03F8F6-5211-45AB-B3BC-75A889BCA543}.Release|x64.Build.0 = Release|x64
		{5C03F8F6-5211-45AB-B3BC-75A889BCA543}.Release|x86.ActiveCfg = Release|Win32
		{5C03F8F6-5211-45AB-B3BC-75A889BCA543}.Release|x86.Build.0 = Release|Win32
		{87B1C95A-7D98-4148-B76F-AA1175530562}.Debug|x64.ActiveCfg = Debug|x64
		{87B1C95A-7D98-4148-B76F-AA1175530562}.Debug|x64.Build.0 = Debug|x64
		{87B1C95A-7D98-4148-B76F-AA1175530562}.Debug|x86.ActiveCfg = Debug|Win32
		{87B1C95A-7D98-4148-B76F-AA1175530562}.Debug|x86.Build.0 = Debug|Win32
		{87B1C95A-7D98-4148-B76F-AA1175530562}.Release|x64.ActiveCfg = Release|x64
		{87B1C95A-7D98-4148-B76F-AA1175530562}.Release|x64.Build.0 = Release|x64
		{87B1C95A-7D98-4148-B76F-AA1175530562}.Release|x86.ActiveCfg = Release|Win32
		{87B1C95A-7D98-4148-B76F-AA1175530562}.Release|x86.Build.0 = Release|Win32
		{752FD8F5-75A0-4872-B1B9-D7D277BE2A0E}.Debug|x64.ActiveCfg = Debug|x64
		{752FD8F5-75A0-4872-B1B9-D7D277BE2A0E}.Debug|x64.Build.0 = Debug|x64
		{752FD8F5-75A0-4872-B1B9-D7D277BE2A0E}.Debug|x86.ActiveCfg = Debug|Win32
		{752FD8F5-75A0-4872-B1B9-D7D277BE2A0E}.Debug|x86.Build.0 = Debug|Win32
		{752FD8F5-75A0-4872-B1B9-D7D277BE2A0E}.Release|x64.ActiveCfg = Release|x64
		{752FD8F5-75A0-4872-B1B9-D7D277BE2A0E}.Release|x64.Build.0 = Release|x64
		{752FD8F5-75A0-4872-B1B9-D7D277BE2A0E}.Release|x86.ActiveCfg = Release|Win32
		{752FD8F5-75A0-4872-B1B9-D7D277BE2A0E}.Release|x86.Build.0 = Release|Win32
		{BEEBD32B-912D-4AED-96B0-9FFA95BA8DDD}.Debug|x64.ActiveCfg = Debug|x64
		{BEEBD32B-912D-4AED-96B0-9FFA95BA8DDD}.Debug|x64.Build.0 = Debug|x64
		{BEEBD32B-912D-4AED-96B0-9FFA95BA8DDD}.Debug|x86.ActiveCfg = Debug|Win32
		{BEEBD32B-912D-4AED-96B0-9FFA95BA8DDD}.Debug|x86.Build.0 = Debug|Win32
		{BEEBD32B-912D-4AED-96B0-9FFA95BA8DDD}.Release|x64.ActiveCfg = Release|x64
		{BEEBD32B-912D-4AED-96B0-9FFA95BA8DDD}.Release|x64.Build.0 = Release|x64
		{BEEBD32B-912D-4AED-96B0-9FFA95BA8DDD}.Release|x86.ActiveCfg = Release|Win32
		{BEEBD32B-912D-4AED-96B0-9FFA95BA8DDD}.Release|x86.Build.0 = Release|Win32
		{976A288C-3943-4406-B2C8-0CAE2DEA32BB}.Debug|x64.ActiveCfg = Debug|x64
		{976A288C-3943-4406-B2C8-0CAE2DEA32BB}.Debug|x64.Build.0 = Debug|x64
		{976A288C-3943-4406-B2C8-0CAE2DEA32BB}.Debug|x86.ActiveCfg = Debug|Win32
		{976A288C-3943-4406-B2C8-0CAE2DEA32BB}.Debug|x86.Build.0 = Debug|Win32
		{976A288C-3943-4406-B2C8-0CAE2DEA32BB}.Release|x64.ActiveCfg = Release|x64
		{976A288C-3943-4406-B2C8-0CAE2DEA32BB}.Release|x64.Build.0 = Release|x64
		{976A288C-3943-4406-B2C8-0CAE2DEA32BB}.Release|x86.ActiveCfg = Release|Win32
		{976A288C-3943-4406-B2C8-0CAE2DEA32BB}.Release|x86.Build.0 = Release|Win32
		{EF6581D3-31CD-4F99-91BA-07F14352079D}.Debug|x64.ActiveCfg = Debug|x64
		{EF6581D3-31CD-4F99-91BA-07F14352079D}.Debug|x64.Build.0 = Debug|x64
		{EF6581D3-31CD-4F99-91BA-07F14352079D}.Debug|x86.ActiveCfg = Debug|Win32
		{EF6581D3-31CD-4F99-91BA-07F14352079D}.Debug|x86.Build.0 = Debug|Win32
		{EF6581D3-31CD-4F99-91BA-07F14352079D}.Release|x64.ActiveCfg = Release|x64
		{EF6581D3-31CD-4F99-91BA-07F14352079D}.Release|x64.Build.0 = Release|x64
		{EF6581D3-31CD-4F99-91BA-07F14352079D}.Release|x86.ActiveCfg = Release|Win32
		{EF6581D3-31CD-4F99-91BA-07F14352079D}.Release|x86.Build.0 = Release|Win32
		{2EF90161-BF63-4072-AE3E-8517A796353C}.Debug|x64.ActiveCfg = Debug|x64
		{2EF90161-BF63-4072-AE3E-8517A796353C}.Debug|x64.Build.0 = Debug|x64
		{2EF90161-BF63-4072-AE3E-8517A796353C}.Debug|x86.ActiveCfg = Debug|Win32
		{2EF90161-BF63-4072-AE3E-8517A796353C}.Debug|x86.Build.0 = Debug|Win32
		{2EF90161-BF63-4072-AE3E-8517A796353C}.Release|x64.ActiveCfg = Release|x64
		{2EF90161-BF63-4072-AE3E-8517A796353C}.Release|x64.Build.0 = Release|x64
		{2EF90161-BF63-4072-AE3E-8517A796353C}.Release|x86.ActiveCfg = Release|Win32
		{2EF90161-BF63-4072-AE3E-8517A796353C}.Release|x86.Build.0 = Release|Win32
		{2AF43810-9D23-4214-873C-C1FDBECB261E}.Debug|x64.ActiveCfg = Debug|x64
		{2AF43810-9D23-4214-873C-C1FDBECB261E}.Debug|x64.Build.0 = Debug|x64
		{2AF43810-9D23-4214-873C-C1FDBECB261E}.Debug|x86.ActiveCfg = Debug|Win32
		{2AF43810-9D23-4214-873C-C1FDBECB261E}.Debug|x86.Build.0 = Debug|Win32
		{2AF43810-9D23-4214-873C-C1FDBECB261E}.Release|x64.ActiveCfg = Release|x64
		{2AF43810-9D23-4214-873C-C1FDBECB261E}.Release|x64.Build.0 = Release|x64
		{2AF43810-9D23-4214-873C-C1FDBECB261E}.Release|x86.ActiveCfg = Release|Win32
		{2AF43810-9D23-4214-873C-C1FDBECB261E}.Release|x86.Build.0 = Release|Win32
		{9158C511-80FE-4224-B82D-1876EF8FCFB5}.Debug|x64.ActiveCfg = Debug|x64
		{9158C511-80FE-4224-B82D-1876EF8FCFB5}.Debug|x64.Build.0 = Debug|x64
		{9158C511-80FE-4224-B82D-1876EF8FCFB5}.Debug|x86.ActiveCfg = Debug|Win32
		{9158C511-80FE-4224-B82D-1876EF8FCFB5}.Debug|x86.Build.0 = Debug|Win32
		{9158C511-80FE-4224-B82D-1876EF8FCFB5}.Release|x64.ActiveCfg = Release|x64
		{9158C511-80FE-4224-B82D-1876EF8FCFB5}.Release|x64.Build.0 = Release|x64
		{9158C511-80FE-4224-B82D-1876EF8FCFB5}.Release|x86.ActiveCfg = Release|Win32
		{9158C511-80FE-4224-B82D-1876EF8FCFB5}.Release|x86.Build.0 = Release|Win32
	EndGlobalSection
	GlobalSection(SolutionProperties) = preSolution
		HideSolutionNode = FALSE
	EndGlobalSection
	GlobalSection(ExtensibilityGlobals) = postSolution
		SolutionGuid = {AF606D99-04D6-4322-B597-39BC65F2BB4B}
	EndGlobalSection
EndGlobal
