
Microsoft Visual Studio Solution File, Format Version 12.00
# Visual Studio Version 17
VisualStudioVersion = 17.13.35931.197 d17.13
MinimumVisualStudioVersion = 10.0.40219.1
Project("{8BC9CEB8-8B4A-11D0-8D11-00A0C91BC942}") = "array_address", "array_address\array_address.vcxproj", "{3C5DBA29-CA9C-4CD9-BD77-00409D2A2526}"
EndProject
Project("{8BC9CEB8-8B4A-11D0-8D11-00A0C91BC942}") = "array_pointer_1", "array_pointer_1\array_pointer_1.vcxproj", "{33DC9DA9-AB9A-4278-8EE6-F55C29D33384}"
EndProject
Project("{8BC9CEB8-8B4A-11D0-8D11-00A0C91BC942}") = "new_and_delete_array", "new_and_delete\new_and_delete.vcxproj", "{8C0EE750-9FCB-4D57-9025-F9199773C627}"
EndProject
Project("{8BC9CEB8-8B4A-11D0-8D11-00A0C91BC942}") = "dynamic_memory_bakery", "dynamic_memory_bakery\dynamic_memory_bakery.vcxproj", "{E2F6C07B-D48A-4FF9-B124-E0A98594ED9D}"
EndProject
Project("{8BC9CEB8-8B4A-11D0-8D11-00A0C91BC942}") = "call_by_reference", "call_by_reference\call_by_reference.vcxproj", "{9FCE0F74-1BF8-4A2A-BE80-A6A5D46CB1BB}"
EndProject
Project("{8BC9CEB8-8B4A-11D0-8D11-00A0C91BC942}") = "reassign_reference_fail_test", "reassign_reference_fail_test\reassign_reference_fail_test.vcxproj", "{59523B1F-F4EE-4A59-9DC2-B37B3E909AC2}"
EndProject
Global
	GlobalSection(SolutionConfigurationPlatforms) = preSolution
		Debug|x64 = Debug|x64
		Debug|x86 = Debug|x86
		Release|x64 = Release|x64
		Release|x86 = Release|x86
	EndGlobalSection
	GlobalSection(ProjectConfigurationPlatforms) = postSolution
		{3C5DBA29-CA9C-4CD9-BD77-00409D2A2526}.Debug|x64.ActiveCfg = Debug|x64
		{3C5DBA29-CA9C-4CD9-BD77-00409D2A2526}.Debug|x64.Build.0 = Debug|x64
		{3C5DBA29-CA9C-4CD9-BD77-00409D2A2526}.Debug|x86.ActiveCfg = Debug|Win32
		{3C5DBA29-CA9C-4CD9-BD77-00409D2A2526}.Debug|x86.Build.0 = Debug|Win32
		{3C5DBA29-CA9C-4CD9-BD77-00409D2A2526}.Release|x64.ActiveCfg = Release|x64
		{3C5DBA29-CA9C-4CD9-BD77-00409D2A2526}.Release|x64.Build.0 = Release|x64
		{3C5DBA29-CA9C-4CD9-BD77-00409D2A2526}.Release|x86.ActiveCfg = Release|Win32
		{3C5DBA29-CA9C-4CD9-BD77-00409D2A2526}.Release|x86.Build.0 = Release|Win32
		{33DC9DA9-AB9A-4278-8EE6-F55C29D33384}.Debug|x64.ActiveCfg = Debug|x64
		{33DC9DA9-AB9A-4278-8EE6-F55C29D33384}.Debug|x64.Build.0 = Debug|x64
		{33DC9DA9-AB9A-4278-8EE6-F55C29D33384}.Debug|x86.ActiveCfg = Debug|Win32
		{33DC9DA9-AB9A-4278-8EE6-F55C29D33384}.Debug|x86.Build.0 = Debug|Win32
		{33DC9DA9-AB9A-4278-8EE6-F55C29D33384}.Release|x64.ActiveCfg = Release|x64
		{33DC9DA9-AB9A-4278-8EE6-F55C29D33384}.Release|x64.Build.0 = Release|x64
		{33DC9DA9-AB9A-4278-8EE6-F55C29D33384}.Release|x86.ActiveCfg = Release|Win32
		{33DC9DA9-AB9A-4278-8EE6-F55C29D33384}.Release|x86.Build.0 = Release|Win32
		{8C0EE750-9FCB-4D57-9025-F9199773C627}.Debug|x64.ActiveCfg = Debug|x64
		{8C0EE750-9FCB-4D57-9025-F9199773C627}.Debug|x64.Build.0 = Debug|x64
		{8C0EE750-9FCB-4D57-9025-F9199773C627}.Debug|x86.ActiveCfg = Debug|Win32
		{8C0EE750-9FCB-4D57-9025-F9199773C627}.Debug|x86.Build.0 = Debug|Win32
		{8C0EE750-9FCB-4D57-9025-F9199773C627}.Release|x64.ActiveCfg = Release|x64
		{8C0EE750-9FCB-4D57-9025-F9199773C627}.Release|x64.Build.0 = Release|x64
		{8C0EE750-9FCB-4D57-9025-F9199773C627}.Release|x86.ActiveCfg = Release|Win32
		{8C0EE750-9FCB-4D57-9025-F9199773C627}.Release|x86.Build.0 = Release|Win32
		{E2F6C07B-D48A-4FF9-B124-E0A98594ED9D}.Debug|x64.ActiveCfg = Debug|x64
		{E2F6C07B-D48A-4FF9-B124-E0A98594ED9D}.Debug|x64.Build.0 = Debug|x64
		{E2F6C07B-D48A-4FF9-B124-E0A98594ED9D}.Debug|x86.ActiveCfg = Debug|Win32
		{E2F6C07B-D48A-4FF9-B124-E0A98594ED9D}.Debug|x86.Build.0 = Debug|Win32
		{E2F6C07B-D48A-4FF9-B124-E0A98594ED9D}.Release|x64.ActiveCfg = Release|x64
		{E2F6C07B-D48A-4FF9-B124-E0A98594ED9D}.Release|x64.Build.0 = Release|x64
		{E2F6C07B-D48A-4FF9-B124-E0A98594ED9D}.Release|x86.ActiveCfg = Release|Win32
		{E2F6C07B-D48A-4FF9-B124-E0A98594ED9D}.Release|x86.Build.0 = Release|Win32
		{9FCE0F74-1BF8-4A2A-BE80-A6A5D46CB1BB}.Debug|x64.ActiveCfg = Debug|x64
		{9FCE0F74-1BF8-4A2A-BE80-A6A5D46CB1BB}.Debug|x64.Build.0 = Debug|x64
		{9FCE0F74-1BF8-4A2A-BE80-A6A5D46CB1BB}.Debug|x86.ActiveCfg = Debug|Win32
		{9FCE0F74-1BF8-4A2A-BE80-A6A5D46CB1BB}.Debug|x86.Build.0 = Debug|Win32
		{9FCE0F74-1BF8-4A2A-BE80-A6A5D46CB1BB}.Release|x64.ActiveCfg = Release|x64
		{9FCE0F74-1BF8-4A2A-BE80-A6A5D46CB1BB}.Release|x64.Build.0 = Release|x64
		{9FCE0F74-1BF8-4A2A-BE80-A6A5D46CB1BB}.Release|x86.ActiveCfg = Release|Win32
		{9FCE0F74-1BF8-4A2A-BE80-A6A5D46CB1BB}.Release|x86.Build.0 = Release|Win32
		{59523B1F-F4EE-4A59-9DC2-B37B3E909AC2}.Debug|x64.ActiveCfg = Debug|x64
		{59523B1F-F4EE-4A59-9DC2-B37B3E909AC2}.Debug|x64.Build.0 = Debug|x64
		{59523B1F-F4EE-4A59-9DC2-B37B3E909AC2}.Debug|x86.ActiveCfg = Debug|Win32
		{59523B1F-F4EE-4A59-9DC2-B37B3E909AC2}.Debug|x86.Build.0 = Debug|Win32
		{59523B1F-F4EE-4A59-9DC2-B37B3E909AC2}.Release|x64.ActiveCfg = Release|x64
		{59523B1F-F4EE-4A59-9DC2-B37B3E909AC2}.Release|x64.Build.0 = Release|x64
		{59523B1F-F4EE-4A59-9DC2-B37B3E909AC2}.Release|x86.ActiveCfg = Release|Win32
		{59523B1F-F4EE-4A59-9DC2-B37B3E909AC2}.Release|x86.Build.0 = Release|Win32
	EndGlobalSection
	GlobalSection(SolutionProperties) = preSolution
		HideSolutionNode = FALSE
	EndGlobalSection
	GlobalSection(ExtensibilityGlobals) = postSolution
		SolutionGuid = {1F73D4EC-9900-47C5-B214-FA39A352450E}
	EndGlobalSection
EndGlobal
