
Microsoft Visual Studio Solution File, Format Version 12.00
# Visual Studio Version 17
VisualStudioVersion = 17.13.35931.197
MinimumVisualStudioVersion = 10.0.40219.1
Project("{8BC9CEB8-8B4A-11D0-8D11-00A0C91BC942}") = "bank", "bank\bank.vcxproj", "{A76C4733-13A2-4176-9538-E4E1EEDEF08C}"
EndProject
Project("{8BC9CEB8-8B4A-11D0-8D11-00A0C91BC942}") = "monster_class", "monster_class\monster_class.vcxproj", "{96EE9ADB-EA13-4F52-9738-173F6FF8F719}"
EndProject
Project("{8BC9CEB8-8B4A-11D0-8D11-00A0C91BC942}") = "access_specifier_of_super", "access_specifier_of_super\access_specifier_of_super.vcxproj", "{641E0B22-8C1E-40DC-966E-3D44041D3832}"
EndProject
Project("{8BC9CEB8-8B4A-11D0-8D11-00A0C91BC942}") = "backward_compatibility", "backward_compatibility\backward_compatibility.vcxproj", "{13D19580-A065-4644-A4CD-238082F3B037}"
EndProject
Project("{8BC9CEB8-8B4A-11D0-8D11-00A0C91BC942}") = "monster_class_override", "monster_class_override\monster_class_override.vcxproj", "{F124B56E-1092-4E23-B548-CA56EF67FE8D}"
EndProject
Project("{8BC9CEB8-8B4A-11D0-8D11-00A0C91BC942}") = "monster_reference_call", "monster_reference_call\monster_reference_call.vcxproj", "{E203C244-BEBA-4EDE-96D3-6153E0E6CC0E}"
EndProject
Project("{8BC9CEB8-8B4A-11D0-8D11-00A0C91BC942}") = "monster_virtual_function", "monster_virtual_function\monster_virtual_function.vcxproj", "{5A14606B-8F3D-4500-90B6-E1956C85D909}"
EndProject
Project("{8BC9CEB8-8B4A-11D0-8D11-00A0C91BC942}") = "inheritance_constructor", "inheritance_constructor\inheritance_constructor.vcxproj", "{97BF2E55-60C8-41E7-BC7F-E2C844AE0517}"
EndProject
Global
	GlobalSection(SolutionConfigurationPlatforms) = preSolution
		Debug|x64 = Debug|x64
		Debug|x86 = Debug|x86
		Release|x64 = Release|x64
		Release|x86 = Release|x86
	EndGlobalSection
	GlobalSection(ProjectConfigurationPlatforms) = postSolution
		{A76C4733-13A2-4176-9538-E4E1EEDEF08C}.Debug|x64.ActiveCfg = Debug|x64
		{A76C4733-13A2-4176-9538-E4E1EEDEF08C}.Debug|x64.Build.0 = Debug|x64
		{A76C4733-13A2-4176-9538-E4E1EEDEF08C}.Debug|x86.ActiveCfg = Debug|Win32
		{A76C4733-13A2-4176-9538-E4E1EEDEF08C}.Debug|x86.Build.0 = Debug|Win32
		{A76C4733-13A2-4176-9538-E4E1EEDEF08C}.Release|x64.ActiveCfg = Release|x64
		{A76C4733-13A2-4176-9538-E4E1EEDEF08C}.Release|x64.Build.0 = Release|x64
		{A76C4733-13A2-4176-9538-E4E1EEDEF08C}.Release|x86.ActiveCfg = Release|Win32
		{A76C4733-13A2-4176-9538-E4E1EEDEF08C}.Release|x86.Build.0 = Release|Win32
		{96EE9ADB-EA13-4F52-9738-173F6FF8F719}.Debug|x64.ActiveCfg = Debug|x64
		{96EE9ADB-EA13-4F52-9738-173F6FF8F719}.Debug|x64.Build.0 = Debug|x64
		{96EE9ADB-EA13-4F52-9738-173F6FF8F719}.Debug|x86.ActiveCfg = Debug|Win32
		{96EE9ADB-EA13-4F52-9738-173F6FF8F719}.Debug|x86.Build.0 = Debug|Win32
		{96EE9ADB-EA13-4F52-9738-173F6FF8F719}.Release|x64.ActiveCfg = Release|x64
		{96EE9ADB-EA13-4F52-9738-173F6FF8F719}.Release|x64.Build.0 = Release|x64
		{96EE9ADB-EA13-4F52-9738-173F6FF8F719}.Release|x86.ActiveCfg = Release|Win32
		{96EE9ADB-EA13-4F52-9738-173F6FF8F719}.Release|x86.Build.0 = Release|Win32
		{641E0B22-8C1E-40DC-966E-3D44041D3832}.Debug|x64.ActiveCfg = Debug|x64
		{641E0B22-8C1E-40DC-966E-3D44041D3832}.Debug|x64.Build.0 = Debug|x64
		{641E0B22-8C1E-40DC-966E-3D44041D3832}.Debug|x86.ActiveCfg = Debug|Win32
		{641E0B22-8C1E-40DC-966E-3D44041D3832}.Debug|x86.Build.0 = Debug|Win32
		{641E0B22-8C1E-40DC-966E-3D44041D3832}.Release|x64.ActiveCfg = Release|x64
		{641E0B22-8C1E-40DC-966E-3D44041D3832}.Release|x64.Build.0 = Release|x64
		{641E0B22-8C1E-40DC-966E-3D44041D3832}.Release|x86.ActiveCfg = Release|Win32
		{641E0B22-8C1E-40DC-966E-3D44041D3832}.Release|x86.Build.0 = Release|Win32
		{13D19580-A065-4644-A4CD-238082F3B037}.Debug|x64.ActiveCfg = Debug|x64
		{13D19580-A065-4644-A4CD-238082F3B037}.Debug|x64.Build.0 = Debug|x64
		{13D19580-A065-4644-A4CD-238082F3B037}.Debug|x86.ActiveCfg = Debug|Win32
		{13D19580-A065-4644-A4CD-238082F3B037}.Debug|x86.Build.0 = Debug|Win32
		{13D19580-A065-4644-A4CD-238082F3B037}.Release|x64.ActiveCfg = Release|x64
		{13D19580-A065-4644-A4CD-238082F3B037}.Release|x64.Build.0 = Release|x64
		{13D19580-A065-4644-A4CD-238082F3B037}.Release|x86.ActiveCfg = Release|Win32
		{13D19580-A065-4644-A4CD-238082F3B037}.Release|x86.Build.0 = Release|Win32
		{F124B56E-1092-4E23-B548-CA56EF67FE8D}.Debug|x64.ActiveCfg = Debug|x64
		{F124B56E-1092-4E23-B548-CA56EF67FE8D}.Debug|x64.Build.0 = Debug|x64
		{F124B56E-1092-4E23-B548-CA56EF67FE8D}.Debug|x86.ActiveCfg = Debug|Win32
		{F124B56E-1092-4E23-B548-CA56EF67FE8D}.Debug|x86.Build.0 = Debug|Win32
		{F124B56E-1092-4E23-B548-CA56EF67FE8D}.Release|x64.ActiveCfg = Release|x64
		{F124B56E-1092-4E23-B548-CA56EF67FE8D}.Release|x64.Build.0 = Release|x64
		{F124B56E-1092-4E23-B548-CA56EF67FE8D}.Release|x86.ActiveCfg = Release|Win32
		{F124B56E-1092-4E23-B548-CA56EF67FE8D}.Release|x86.Build.0 = Release|Win32
		{E203C244-BEBA-4EDE-96D3-6153E0E6CC0E}.Debug|x64.ActiveCfg = Debug|x64
		{E203C244-BEBA-4EDE-96D3-6153E0E6CC0E}.Debug|x64.Build.0 = Debug|x64
		{E203C244-BEBA-4EDE-96D3-6153E0E6CC0E}.Debug|x86.ActiveCfg = Debug|Win32
		{E203C244-BEBA-4EDE-96D3-6153E0E6CC0E}.Debug|x86.Build.0 = Debug|Win32
		{E203C244-BEBA-4EDE-96D3-6153E0E6CC0E}.Release|x64.ActiveCfg = Release|x64
		{E203C244-BEBA-4EDE-96D3-6153E0E6CC0E}.Release|x64.Build.0 = Release|x64
		{E203C244-BEBA-4EDE-96D3-6153E0E6CC0E}.Release|x86.ActiveCfg = Release|Win32
		{E203C244-BEBA-4EDE-96D3-6153E0E6CC0E}.Release|x86.Build.0 = Release|Win32
		{5A14606B-8F3D-4500-90B6-E1956C85D909}.Debug|x64.ActiveCfg = Debug|x64
		{5A14606B-8F3D-4500-90B6-E1956C85D909}.Debug|x64.Build.0 = Debug|x64
		{5A14606B-8F3D-4500-90B6-E1956C85D909}.Debug|x86.ActiveCfg = Debug|Win32
		{5A14606B-8F3D-4500-90B6-E1956C85D909}.Debug|x86.Build.0 = Debug|Win32
		{5A14606B-8F3D-4500-90B6-E1956C85D909}.Release|x64.ActiveCfg = Release|x64
		{5A14606B-8F3D-4500-90B6-E1956C85D909}.Release|x64.Build.0 = Release|x64
		{5A14606B-8F3D-4500-90B6-E1956C85D909}.Release|x86.ActiveCfg = Release|Win32
		{5A14606B-8F3D-4500-90B6-E1956C85D909}.Release|x86.Build.0 = Release|Win32
		{97BF2E55-60C8-41E7-BC7F-E2C844AE0517}.Debug|x64.ActiveCfg = Debug|x64
		{97BF2E55-60C8-41E7-BC7F-E2C844AE0517}.Debug|x64.Build.0 = Debug|x64
		{97BF2E55-60C8-41E7-BC7F-E2C844AE0517}.Debug|x86.ActiveCfg = Debug|Win32
		{97BF2E55-60C8-41E7-BC7F-E2C844AE0517}.Debug|x86.Build.0 = Debug|Win32
		{97BF2E55-60C8-41E7-BC7F-E2C844AE0517}.Release|x64.ActiveCfg = Release|x64
		{97BF2E55-60C8-41E7-BC7F-E2C844AE0517}.Release|x64.Build.0 = Release|x64
		{97BF2E55-60C8-41E7-BC7F-E2C844AE0517}.Release|x86.ActiveCfg = Release|Win32
		{97BF2E55-60C8-41E7-BC7F-E2C844AE0517}.Release|x86.Build.0 = Release|Win32
	EndGlobalSection
	GlobalSection(SolutionProperties) = preSolution
		HideSolutionNode = FALSE
	EndGlobalSection
	GlobalSection(ExtensibilityGlobals) = postSolution
		SolutionGuid = {4A9C99E3-8839-453F-B456-DBC56D3D4613}
	EndGlobalSection
EndGlobal
